// !$*UTF8*$!
{
	archiveVersion = 1;
	classes = {
	};
	objectVersion = 56;
	objects = {

/* Begin PBXBuildFile section */
		C620B5AA29B80123007DB698 /* Authentication.swift in Sources */ = {isa = PBXBuildFile; fileRef = C620B5A929B80123007DB698 /* Authentication.swift */; };
		C620B5CE29B81235007DB698 /* Security.swift in Sources */ = {isa = PBXBuildFile; fileRef = C620B5CD29B81235007DB698 /* Security.swift */; };
		C620B5D129B8BAA4007DB698 /* Security.framework in Frameworks */ = {isa = PBXBuildFile; fileRef = C620B5D029B8BAA4007DB698 /* Security.framework */; };
		C620B5D329B8BC09007DB698 /* PDFview.swift in Sources */ = {isa = PBXBuildFile; fileRef = C620B5D229B8BC09007DB698 /* PDFview.swift */; };
		C640C4AC29B1325E009668BF /* QuizView.swift in Sources */ = {isa = PBXBuildFile; fileRef = C640C4AB29B1325E009668BF /* QuizView.swift */; };
		C640C4AE29B26FF1009668BF /* CalendarPageView.swift in Sources */ = {isa = PBXBuildFile; fileRef = C640C4AD29B26FF1009668BF /* CalendarPageView.swift */; };
		C640C4B029B29035009668BF /* LectureView.swift in Sources */ = {isa = PBXBuildFile; fileRef = C640C4AF29B29035009668BF /* LectureView.swift */; };
		C640C4B829B45C52009668BF /* ChatHomePage.swift in Sources */ = {isa = PBXBuildFile; fileRef = C640C4B729B45C52009668BF /* ChatHomePage.swift */; };
		C695C01229A7E4F200D983E7 /* PaulyApp.swift in Sources */ = {isa = PBXBuildFile; fileRef = C695C01129A7E4F200D983E7 /* PaulyApp.swift */; };
		C695C01429A7E4F200D983E7 /* ContentView.swift in Sources */ = {isa = PBXBuildFile; fileRef = C695C01329A7E4F200D983E7 /* ContentView.swift */; };
		C695C01629A7E4F600D983E7 /* Assets.xcassets in Resources */ = {isa = PBXBuildFile; fileRef = C695C01529A7E4F600D983E7 /* Assets.xcassets */; };
		C695C01929A7E4F600D983E7 /* Preview Assets.xcassets in Resources */ = {isa = PBXBuildFile; fileRef = C695C01829A7E4F600D983E7 /* Preview Assets.xcassets */; };
		C6E229C229BBEE15008DB772 /* MSAL in Frameworks */ = {isa = PBXBuildFile; productRef = C6E229C129BBEE15008DB772 /* MSAL */; };
		C6E229C429BC0A15008DB772 /* MSAL.swift in Sources */ = {isa = PBXBuildFile; fileRef = C6E229C329BC0A15008DB772 /* MSAL.swift */; };
		C6E229C829BCDBF1008DB772 /* ProfileView.swift in Sources */ = {isa = PBXBuildFile; fileRef = C6E229C729BCDBF1008DB772 /* ProfileView.swift */; };
		C6FC4D3D29AA402A00F6ED3E /* Functions.swift in Sources */ = {isa = PBXBuildFile; fileRef = C6FC4D3C29AA402A00F6ED3E /* Functions.swift */; };
/* End PBXBuildFile section */

/* Begin PBXFileReference section */
		C620B5A929B80123007DB698 /* Authentication.swift */ = {isa = PBXFileReference; lastKnownFileType = sourcecode.swift; path = Authentication.swift; sourceTree = "<group>"; };
		C620B5CD29B81235007DB698 /* Security.swift */ = {isa = PBXFileReference; lastKnownFileType = sourcecode.swift; path = Security.swift; sourceTree = "<group>"; };
		C620B5D029B8BAA4007DB698 /* Security.framework */ = {isa = PBXFileReference; lastKnownFileType = wrapper.framework; name = Security.framework; path = System/Library/Frameworks/Security.framework; sourceTree = SDKROOT; };
		C620B5D229B8BC09007DB698 /* PDFview.swift */ = {isa = PBXFileReference; lastKnownFileType = sourcecode.swift; path = PDFview.swift; sourceTree = "<group>"; };
		C640C4AB29B1325E009668BF /* QuizView.swift */ = {isa = PBXFileReference; lastKnownFileType = sourcecode.swift; path = QuizView.swift; sourceTree = "<group>"; };
		C640C4AD29B26FF1009668BF /* CalendarPageView.swift */ = {isa = PBXFileReference; lastKnownFileType = sourcecode.swift; path = CalendarPageView.swift; sourceTree = "<group>"; };
		C640C4AF29B29035009668BF /* LectureView.swift */ = {isa = PBXFileReference; lastKnownFileType = sourcecode.swift; path = LectureView.swift; sourceTree = "<group>"; };
		C640C4B529B433A8009668BF /* Pauly.entitlements */ = {isa = PBXFileReference; lastKnownFileType = text.plist.entitlements; path = Pauly.entitlements; sourceTree = "<group>"; };
		C640C4B729B45C52009668BF /* ChatHomePage.swift */ = {isa = PBXFileReference; lastKnownFileType = sourcecode.swift; path = ChatHomePage.swift; sourceTree = "<group>"; };
		C692640329B011BF000F96B9 /* Info.plist */ = {isa = PBXFileReference; lastKnownFileType = text.plist; path = Info.plist; sourceTree = "<group>"; };
		C695C00E29A7E4F200D983E7 /* Pauly.app */ = {isa = PBXFileReference; explicitFileType = wrapper.application; includeInIndex = 0; path = Pauly.app; sourceTree = BUILT_PRODUCTS_DIR; };
		C695C01129A7E4F200D983E7 /* PaulyApp.swift */ = {isa = PBXFileReference; lastKnownFileType = sourcecode.swift; path = PaulyApp.swift; sourceTree = "<group>"; };
		C695C01329A7E4F200D983E7 /* ContentView.swift */ = {isa = PBXFileReference; lastKnownFileType = sourcecode.swift; path = ContentView.swift; sourceTree = "<group>"; };
		C695C01529A7E4F600D983E7 /* Assets.xcassets */ = {isa = PBXFileReference; lastKnownFileType = folder.assetcatalog; path = Assets.xcassets; sourceTree = "<group>"; };
		C695C01829A7E4F600D983E7 /* Preview Assets.xcassets */ = {isa = PBXFileReference; lastKnownFileType = folder.assetcatalog; path = "Preview Assets.xcassets"; sourceTree = "<group>"; };
		C6E229C329BC0A15008DB772 /* MSAL.swift */ = {isa = PBXFileReference; lastKnownFileType = sourcecode.swift; path = MSAL.swift; sourceTree = "<group>"; };
		C6E229C729BCDBF1008DB772 /* ProfileView.swift */ = {isa = PBXFileReference; lastKnownFileType = sourcecode.swift; path = ProfileView.swift; sourceTree = "<group>"; };
		C6FC4D3C29AA402A00F6ED3E /* Functions.swift */ = {isa = PBXFileReference; lastKnownFileType = sourcecode.swift; path = Functions.swift; sourceTree = "<group>"; };
/* End PBXFileReference section */

/* Begin PBXFrameworksBuildPhase section */
		C695C00B29A7E4F200D983E7 /* Frameworks */ = {
			isa = PBXFrameworksBuildPhase;
			buildActionMask = 2147483647;
			files = (
				C620B5D129B8BAA4007DB698 /* Security.framework in Frameworks */,
				C6E229C229BBEE15008DB772 /* MSAL in Frameworks */,
			);
			runOnlyForDeploymentPostprocessing = 0;
		};
/* End PBXFrameworksBuildPhase section */

/* Begin PBXGroup section */
		C620B5CF29B8BAA4007DB698 /* Frameworks */ = {
			isa = PBXGroup;
			children = (
				C620B5D029B8BAA4007DB698 /* Security.framework */,
			);
			name = Frameworks;
			sourceTree = "<group>";
		};
		C695C00529A7E4F200D983E7 = {
			isa = PBXGroup;
			children = (
				C695C01029A7E4F200D983E7 /* Pauly */,
				C695C00F29A7E4F200D983E7 /* Products */,
				C620B5CF29B8BAA4007DB698 /* Frameworks */,
			);
			sourceTree = "<group>";
		};
		C695C00F29A7E4F200D983E7 /* Products */ = {
			isa = PBXGroup;
			children = (
				C695C00E29A7E4F200D983E7 /* Pauly.app */,
			);
			name = Products;
			sourceTree = "<group>";
		};
		C695C01029A7E4F200D983E7 /* Pauly */ = {
			isa = PBXGroup;
			children = (
				C640C4B529B433A8009668BF /* Pauly.entitlements */,
				C620B5CD29B81235007DB698 /* Security.swift */,
				C6E229C729BCDBF1008DB772 /* ProfileView.swift */,
				C6E229C329BC0A15008DB772 /* MSAL.swift */,
				C692640329B011BF000F96B9 /* Info.plist */,
				C640C4AD29B26FF1009668BF /* CalendarPageView.swift */,
				C620B5D229B8BC09007DB698 /* PDFview.swift */,
				C620B5A929B80123007DB698 /* Authentication.swift */,
				C695C01129A7E4F200D983E7 /* PaulyApp.swift */,
				C640C4B729B45C52009668BF /* ChatHomePage.swift */,
				C640C4AF29B29035009668BF /* LectureView.swift */,
				C695C01329A7E4F200D983E7 /* ContentView.swift */,
				C640C4AB29B1325E009668BF /* QuizView.swift */,
				C6FC4D3C29AA402A00F6ED3E /* Functions.swift */,
				C695C01529A7E4F600D983E7 /* Assets.xcassets */,
				C695C01729A7E4F600D983E7 /* Preview Content */,
			);
			path = Pauly;
			sourceTree = "<group>";
		};
		C695C01729A7E4F600D983E7 /* Preview Content */ = {
			isa = PBXGroup;
			children = (
				C695C01829A7E4F600D983E7 /* Preview Assets.xcassets */,
			);
			path = "Preview Content";
			sourceTree = "<group>";
		};
/* End PBXGroup section */

/* Begin PBXNativeTarget section */
		C695C00D29A7E4F200D983E7 /* Pauly */ = {
			isa = PBXNativeTarget;
			buildConfigurationList = C695C01C29A7E4F600D983E7 /* Build configuration list for PBXNativeTarget "Pauly" */;
			buildPhases = (
				C695C00A29A7E4F200D983E7 /* Sources */,
				C695C00B29A7E4F200D983E7 /* Frameworks */,
				C695C00C29A7E4F200D983E7 /* Resources */,
			);
			buildRules = (
			);
			dependencies = (
			);
			name = Pauly;
			packageProductDependencies = (
				C6E229C129BBEE15008DB772 /* MSAL */,
			);
			productName = Pauly;
			productReference = C695C00E29A7E4F200D983E7 /* Pauly.app */;
			productType = "com.apple.product-type.application";
		};
/* End PBXNativeTarget section */

/* Begin PBXProject section */
		C695C00629A7E4F200D983E7 /* Project object */ = {
			isa = PBXProject;
			attributes = {
				BuildIndependentTargetsInParallel = 1;
				LastSwiftUpdateCheck = 1420;
				LastUpgradeCheck = 1420;
				TargetAttributes = {
					C695C00D29A7E4F200D983E7 = {
						CreatedOnToolsVersion = 14.2;
					};
				};
			};
			buildConfigurationList = C695C00929A7E4F200D983E7 /* Build configuration list for PBXProject "Pauly" */;
			compatibilityVersion = "Xcode 14.0";
			developmentRegion = en;
			hasScannedForEncodings = 0;
			knownRegions = (
				en,
				Base,
			);
			mainGroup = C695C00529A7E4F200D983E7;
			packageReferences = (
				C6E229C029BBEE15008DB772 /* XCRemoteSwiftPackageReference "microsoft-authentication-library-for-objc" */,
			);
			productRefGroup = C695C00F29A7E4F200D983E7 /* Products */;
			projectDirPath = "";
			projectRoot = "";
			targets = (
				C695C00D29A7E4F200D983E7 /* Pauly */,
			);
		};
/* End PBXProject section */

/* Begin PBXResourcesBuildPhase section */
		C695C00C29A7E4F200D983E7 /* Resources */ = {
			isa = PBXResourcesBuildPhase;
			buildActionMask = 2147483647;
			files = (
				C695C01929A7E4F600D983E7 /* Preview Assets.xcassets in Resources */,
				C695C01629A7E4F600D983E7 /* Assets.xcassets in Resources */,
			);
			runOnlyForDeploymentPostprocessing = 0;
		};
/* End PBXResourcesBuildPhase section */

/* Begin PBXSourcesBuildPhase section */
		C695C00A29A7E4F200D983E7 /* Sources */ = {
			isa = PBXSourcesBuildPhase;
			buildActionMask = 2147483647;
			files = (
				C6E229C829BCDBF1008DB772 /* ProfileView.swift in Sources */,
				C640C4B829B45C52009668BF /* ChatHomePage.swift in Sources */,
				C695C01429A7E4F200D983E7 /* ContentView.swift in Sources */,
				C6E229C429BC0A15008DB772 /* MSAL.swift in Sources */,
				C640C4AC29B1325E009668BF /* QuizView.swift in Sources */,
				C640C4AE29B26FF1009668BF /* CalendarPageView.swift in Sources */,
				C695C01229A7E4F200D983E7 /* PaulyApp.swift in Sources */,
				C620B5CE29B81235007DB698 /* Security.swift in Sources */,
				C6FC4D3D29AA402A00F6ED3E /* Functions.swift in Sources */,
				C640C4B029B29035009668BF /* LectureView.swift in Sources */,
				C620B5AA29B80123007DB698 /* Authentication.swift in Sources */,
				C620B5D329B8BC09007DB698 /* PDFview.swift in Sources */,
			);
			runOnlyForDeploymentPostprocessing = 0;
		};
/* End PBXSourcesBuildPhase section */

/* Begin XCBuildConfiguration section */
		C695C01A29A7E4F600D983E7 /* Debug */ = {
			isa = XCBuildConfiguration;
			buildSettings = {
				ALWAYS_SEARCH_USER_PATHS = NO;
				CLANG_ANALYZER_NONNULL = YES;
				CLANG_ANALYZER_NUMBER_OBJECT_CONVERSION = YES_AGGRESSIVE;
				CLANG_CXX_LANGUAGE_STANDARD = "gnu++20";
				CLANG_ENABLE_MODULES = YES;
				CLANG_ENABLE_OBJC_ARC = YES;
				CLANG_ENABLE_OBJC_WEAK = YES;
				CLANG_WARN_BLOCK_CAPTURE_AUTORELEASING = YES;
				CLANG_WARN_BOOL_CONVERSION = YES;
				CLANG_WARN_COMMA = YES;
				CLANG_WARN_CONSTANT_CONVERSION = YES;
				CLANG_WARN_DEPRECATED_OBJC_IMPLEMENTATIONS = YES;
				CLANG_WARN_DIRECT_OBJC_ISA_USAGE = YES_ERROR;
				CLANG_WARN_DOCUMENTATION_COMMENTS = YES;
				CLANG_WARN_EMPTY_BODY = YES;
				CLANG_WARN_ENUM_CONVERSION = YES;
				CLANG_WARN_INFINITE_RECURSION = YES;
				CLANG_WARN_INT_CONVERSION = YES;
				CLANG_WARN_NON_LITERAL_NULL_CONVERSION = YES;
				CLANG_WARN_OBJC_IMPLICIT_RETAIN_SELF = YES;
				CLANG_WARN_OBJC_LITERAL_CONVERSION = YES;
				CLANG_WARN_OBJC_ROOT_CLASS = YES_ERROR;
				CLANG_WARN_QUOTED_INCLUDE_IN_FRAMEWORK_HEADER = YES;
				CLANG_WARN_RANGE_LOOP_ANALYSIS = YES;
				CLANG_WARN_STRICT_PROTOTYPES = YES;
				CLANG_WARN_SUSPICIOUS_MOVE = YES;
				CLANG_WARN_UNGUARDED_AVAILABILITY = YES_AGGRESSIVE;
				CLANG_WARN_UNREACHABLE_CODE = YES;
				CLANG_WARN__DUPLICATE_METHOD_MATCH = YES;
				COPY_PHASE_STRIP = NO;
				DEBUG_INFORMATION_FORMAT = dwarf;
				ENABLE_STRICT_OBJC_MSGSEND = YES;
				ENABLE_TESTABILITY = YES;
				GCC_C_LANGUAGE_STANDARD = gnu11;
				GCC_DYNAMIC_NO_PIC = NO;
				GCC_NO_COMMON_BLOCKS = YES;
				GCC_OPTIMIZATION_LEVEL = 0;
				GCC_PREPROCESSOR_DEFINITIONS = (
					"DEBUG=1",
					"$(inherited)",
				);
				GCC_WARN_64_TO_32_BIT_CONVERSION = YES;
				GCC_WARN_ABOUT_RETURN_TYPE = YES_ERROR;
				GCC_WARN_UNDECLARED_SELECTOR = YES;
				GCC_WARN_UNINITIALIZED_AUTOS = YES_AGGRESSIVE;
				GCC_WARN_UNUSED_FUNCTION = YES;
				GCC_WARN_UNUSED_VARIABLE = YES;
				IPHONEOS_DEPLOYMENT_TARGET = 16.2;
				MTL_ENABLE_DEBUG_INFO = INCLUDE_SOURCE;
				MTL_FAST_MATH = YES;
				ONLY_ACTIVE_ARCH = YES;
				SDKROOT = iphoneos;
				SWIFT_ACTIVE_COMPILATION_CONDITIONS = DEBUG;
				SWIFT_OPTIMIZATION_LEVEL = "-Onone";
			};
			name = Debug;
		};
		C695C01B29A7E4F600D983E7 /* Release */ = {
			isa = XCBuildConfiguration;
			buildSettings = {
				ALWAYS_SEARCH_USER_PATHS = NO;
				CLANG_ANALYZER_NONNULL = YES;
				CLANG_ANALYZER_NUMBER_OBJECT_CONVERSION = YES_AGGRESSIVE;
				CLANG_CXX_LANGUAGE_STANDARD = "gnu++20";
				CLANG_ENABLE_MODULES = YES;
				CLANG_ENABLE_OBJC_ARC = YES;
				CLANG_ENABLE_OBJC_WEAK = YES;
				CLANG_WARN_BLOCK_CAPTURE_AUTORELEASING = YES;
				CLANG_WARN_BOOL_CONVERSION = YES;
				CLANG_WARN_COMMA = YES;
				CLANG_WARN_CONSTANT_CONVERSION = YES;
				CLANG_WARN_DEPRECATED_OBJC_IMPLEMENTATIONS = YES;
				CLANG_WARN_DIRECT_OBJC_ISA_USAGE = YES_ERROR;
				CLANG_WARN_DOCUMENTATION_COMMENTS = YES;
				CLANG_WARN_EMPTY_BODY = YES;
				CLANG_WARN_ENUM_CONVERSION = YES;
				CLANG_WARN_INFINITE_RECURSION = YES;
				CLANG_WARN_INT_CONVERSION = YES;
				CLANG_WARN_NON_LITERAL_NULL_CONVERSION = YES;
				CLANG_WARN_OBJC_IMPLICIT_RETAIN_SELF = YES;
				CLANG_WARN_OBJC_LITERAL_CONVERSION = YES;
				CLANG_WARN_OBJC_ROOT_CLASS = YES_ERROR;
				CLANG_WARN_QUOTED_INCLUDE_IN_FRAMEWORK_HEADER = YES;
				CLANG_WARN_RANGE_LOOP_ANALYSIS = YES;
				CLANG_WARN_STRICT_PROTOTYPES = YES;
				CLANG_WARN_SUSPICIOUS_MOVE = YES;
				CLANG_WARN_UNGUARDED_AVAILABILITY = YES_AGGRESSIVE;
				CLANG_WARN_UNREACHABLE_CODE = YES;
				CLANG_WARN__DUPLICATE_METHOD_MATCH = YES;
				COPY_PHASE_STRIP = NO;
				DEBUG_INFORMATION_FORMAT = "dwarf-with-dsym";
				ENABLE_NS_ASSERTIONS = NO;
				ENABLE_STRICT_OBJC_MSGSEND = YES;
				GCC_C_LANGUAGE_STANDARD = gnu11;
				GCC_NO_COMMON_BLOCKS = YES;
				GCC_WARN_64_TO_32_BIT_CONVERSION = YES;
				GCC_WARN_ABOUT_RETURN_TYPE = YES_ERROR;
				GCC_WARN_UNDECLARED_SELECTOR = YES;
				GCC_WARN_UNINITIALIZED_AUTOS = YES_AGGRESSIVE;
				GCC_WARN_UNUSED_FUNCTION = YES;
				GCC_WARN_UNUSED_VARIABLE = YES;
				IPHONEOS_DEPLOYMENT_TARGET = 16.2;
				MTL_ENABLE_DEBUG_INFO = NO;
				MTL_FAST_MATH = YES;
				SDKROOT = iphoneos;
				SWIFT_COMPILATION_MODE = wholemodule;
				SWIFT_OPTIMIZATION_LEVEL = "-O";
				VALIDATE_PRODUCT = YES;
			};
			name = Release;
		};
		C695C01D29A7E4F600D983E7 /* Debug */ = {
			isa = XCBuildConfiguration;
			buildSettings = {
				ASSETCATALOG_COMPILER_APPICON_NAME = AppIcon;
				ASSETCATALOG_COMPILER_GLOBAL_ACCENT_COLOR_NAME = AccentColor;
				CODE_SIGN_ENTITLEMENTS = Pauly/Pauly.entitlements;
				CODE_SIGN_STYLE = Automatic;
				CURRENT_PROJECT_VERSION = 1;
				DEVELOPMENT_ASSET_PATHS = "\"Pauly/Preview Content\"";
				DEVELOPMENT_TEAM = SYV2CK2N9N;
				ENABLE_PREVIEWS = YES;
				GENERATE_INFOPLIST_FILE = YES;
				INFOPLIST_FILE = Pauly/Info.plist;
				INFOPLIST_KEY_UIApplicationSceneManifest_Generation = YES;
				INFOPLIST_KEY_UIApplicationSupportsIndirectInputEvents = YES;
				INFOPLIST_KEY_UIRequiresFullScreen = YES;
				INFOPLIST_KEY_UISupportedInterfaceOrientations = UIInterfaceOrientationPortrait;
				INFOPLIST_KEY_UISupportedInterfaceOrientations_iPad = "UIInterfaceOrientationLandscapeLeft UIInterfaceOrientationLandscapeRight UIInterfaceOrientationPortrait UIInterfaceOrientationPortraitUpsideDown";
				IPHONEOS_DEPLOYMENT_TARGET = 16.0;
				LD_RUNPATH_SEARCH_PATHS = (
					"$(inherited)",
					"@executable_path/Frameworks",
				);
				MARKETING_VERSION = 1.1;
				PRODUCT_BUNDLE_IDENTIFIER = Archimedes4.Pauly;
				PRODUCT_NAME = "$(TARGET_NAME)";
				SWIFT_EMIT_LOC_STRINGS = YES;
				SWIFT_VERSION = 5.0;
				TARGETED_DEVICE_FAMILY = "1,2";
			};
			name = Debug;
		};
		C695C01E29A7E4F600D983E7 /* Release */ = {
			isa = XCBuildConfiguration;
			buildSettings = {
				ASSETCATALOG_COMPILER_APPICON_NAME = AppIcon;
				ASSETCATALOG_COMPILER_GLOBAL_ACCENT_COLOR_NAME = AccentColor;
				CODE_SIGN_ENTITLEMENTS = Pauly/Pauly.entitlements;
				CODE_SIGN_STYLE = Automatic;
				CURRENT_PROJECT_VERSION = 1;
				DEVELOPMENT_ASSET_PATHS = "\"Pauly/Preview Content\"";
				DEVELOPMENT_TEAM = SYV2CK2N9N;
				ENABLE_PREVIEWS = YES;
				GENERATE_INFOPLIST_FILE = YES;
				INFOPLIST_FILE = Pauly/Info.plist;
				INFOPLIST_KEY_UIApplicationSceneManifest_Generation = YES;
				INFOPLIST_KEY_UIApplicationSupportsIndirectInputEvents = YES;
				INFOPLIST_KEY_UIRequiresFullScreen = YES;
				INFOPLIST_KEY_UISupportedInterfaceOrientations = UIInterfaceOrientationPortrait;
				INFOPLIST_KEY_UISupportedInterfaceOrientations_iPad = "UIInterfaceOrientationLandscapeLeft UIInterfaceOrientationLandscapeRight UIInterfaceOrientationPortrait UIInterfaceOrientationPortraitUpsideDown";
				IPHONEOS_DEPLOYMENT_TARGET = 16.0;
				LD_RUNPATH_SEARCH_PATHS = (
					"$(inherited)",
					"@executable_path/Frameworks",
				);
				MARKETING_VERSION = 1.1;
				PRODUCT_BUNDLE_IDENTIFIER = Archimedes4.Pauly;
				PRODUCT_NAME = "$(TARGET_NAME)";
				SWIFT_EMIT_LOC_STRINGS = YES;
				SWIFT_VERSION = 5.0;
				TARGETED_DEVICE_FAMILY = "1,2";
			};
			name = Release;
		};
/* End XCBuildConfiguration section */

/* Begin XCConfigurationList section */
		C695C00929A7E4F200D983E7 /* Build configuration list for PBXProject "Pauly" */ = {
			isa = XCConfigurationList;
			buildConfigurations = (
				C695C01A29A7E4F600D983E7 /* Debug */,
				C695C01B29A7E4F600D983E7 /* Release */,
			);
			defaultConfigurationIsVisible = 0;
			defaultConfigurationName = Release;
		};
		C695C01C29A7E4F600D983E7 /* Build configuration list for PBXNativeTarget "Pauly" */ = {
			isa = XCConfigurationList;
			buildConfigurations = (
				C695C01D29A7E4F600D983E7 /* Debug */,
				C695C01E29A7E4F600D983E7 /* Release */,
			);
			defaultConfigurationIsVisible = 0;
			defaultConfigurationName = Release;
		};
/* End XCConfigurationList section */

/* Begin XCRemoteSwiftPackageReference section */
		C6E229C029BBEE15008DB772 /* XCRemoteSwiftPackageReference "microsoft-authentication-library-for-objc" */ = {
			isa = XCRemoteSwiftPackageReference;
			repositoryURL = "https://github.com/AzureAD/microsoft-authentication-library-for-objc#installation";
			requirement = {
				kind = upToNextMajorVersion;
				minimumVersion = 1.0.0;
			};
		};
/* End XCRemoteSwiftPackageReference section */

/* Begin XCSwiftPackageProductDependency section */
		C6E229C129BBEE15008DB772 /* MSAL */ = {
			isa = XCSwiftPackageProductDependency;
			package = C6E229C029BBEE15008DB772 /* XCRemoteSwiftPackageReference "microsoft-authentication-library-for-objc" */;
			productName = MSAL;
		};
/* End XCSwiftPackageProductDependency section */
	};
	rootObject = C695C00629A7E4F200D983E7 /* Project object */;
}
