// !$*UTF8*$!
{
	archiveVersion = 1;
	classes = {
	};
	objectVersion = 56;
	objects = {

/* Begin PBXBuildFile section */
		C619BCE729CF30E1003510A0 /* Sports.swift in Sources */ = {isa = PBXBuildFile; fileRef = C619BCE629CF30E1003510A0 /* Sports.swift */; };
		C6248A5F29D6724F009D2765 /* CreateCommition.swift in Sources */ = {isa = PBXBuildFile; fileRef = C6248A5E29D6724F009D2765 /* CreateCommition.swift */; };
		C64E759529D82E8C002C9352 /* MicrosoftGraphFilesManager.swift in Sources */ = {isa = PBXBuildFile; fileRef = C64E759429D82E8C002C9352 /* MicrosoftGraphFilesManager.swift */; };
		C64E759729D83C2F002C9352 /* MSAL.swift in Sources */ = {isa = PBXBuildFile; fileRef = C64E759629D83C2F002C9352 /* MSAL.swift */; };
		C64E759A29D83CD2002C9352 /* MSAL in Frameworks */ = {isa = PBXBuildFile; productRef = C64E759929D83CD2002C9352 /* MSAL */; };
		C64E759E29D84160002C9352 /* PasswordView.swift in Sources */ = {isa = PBXBuildFile; fileRef = C64E759D29D84160002C9352 /* PasswordView.swift */; };
		C64E75A029D8A06E002C9352 /* Info.plist in Resources */ = {isa = PBXBuildFile; fileRef = C64E759F29D8A06D002C9352 /* Info.plist */; };
		C65EF9C929C2645B00F886FD /* Pauly_BackendApp.swift in Sources */ = {isa = PBXBuildFile; fileRef = C65EF9C829C2645B00F886FD /* Pauly_BackendApp.swift */; };
		C65EF9CB29C2645B00F886FD /* ContentView.swift in Sources */ = {isa = PBXBuildFile; fileRef = C65EF9CA29C2645B00F886FD /* ContentView.swift */; };
		C65EF9CD29C2645D00F886FD /* Assets.xcassets in Resources */ = {isa = PBXBuildFile; fileRef = C65EF9CC29C2645D00F886FD /* Assets.xcassets */; };
		C65EF9D029C2645D00F886FD /* Preview Assets.xcassets in Resources */ = {isa = PBXBuildFile; fileRef = C65EF9CF29C2645D00F886FD /* Preview Assets.xcassets */; };
		C65EF9F429C27AF400F886FD /* GoogleService-Info-2.plist in Resources */ = {isa = PBXBuildFile; fileRef = C65EF9F329C27AF400F886FD /* GoogleService-Info-2.plist */; };
		C65EF9F629C27AFA00F886FD /* GoogleService-Info-2.plist in Resources */ = {isa = PBXBuildFile; fileRef = C65EF9F529C27AFA00F886FD /* GoogleService-Info-2.plist */; };
		C65EF9F829C27B0400F886FD /* GoogleService-Info.plist in Resources */ = {isa = PBXBuildFile; fileRef = C65EF9F729C27B0400F886FD /* GoogleService-Info.plist */; };
		C6858FE529C88DA000269A56 /* AddClassViewRoot.swift in Sources */ = {isa = PBXBuildFile; fileRef = C6858FE429C88DA000269A56 /* AddClassViewRoot.swift */; };
		C6858FE929CA8C0000269A56 /* Overview.swift in Sources */ = {isa = PBXBuildFile; fileRef = C6858FE829CA8C0000269A56 /* Overview.swift */; };
		C6858FEB29CA8C3D00269A56 /* AddClassView.swift in Sources */ = {isa = PBXBuildFile; fileRef = C6858FEA29CA8C3D00269A56 /* AddClassView.swift */; };
		C6858FEE29CBBFE800269A56 /* CardView.swift in Sources */ = {isa = PBXBuildFile; fileRef = C6858FED29CBBFE800269A56 /* CardView.swift */; };
		C6858FF129CC71F600269A56 /* FirebaseAnalytics in Frameworks */ = {isa = PBXBuildFile; productRef = C6858FF029CC71F600269A56 /* FirebaseAnalytics */; };
		C6858FF329CC71F600269A56 /* FirebaseAuth in Frameworks */ = {isa = PBXBuildFile; productRef = C6858FF229CC71F600269A56 /* FirebaseAuth */; };
		C6858FF529CC71F600269A56 /* FirebaseFirestore in Frameworks */ = {isa = PBXBuildFile; productRef = C6858FF429CC71F600269A56 /* FirebaseFirestore */; };
		C6858FF729CC71F600269A56 /* FirebaseFirestoreCombine-Community in Frameworks */ = {isa = PBXBuildFile; productRef = C6858FF629CC71F600269A56 /* FirebaseFirestoreCombine-Community */; };
		C6858FF929CC71F600269A56 /* FirebaseFirestoreSwift in Frameworks */ = {isa = PBXBuildFile; productRef = C6858FF829CC71F600269A56 /* FirebaseFirestoreSwift */; };
		C6858FFB29CC71F600269A56 /* FirebaseMessaging in Frameworks */ = {isa = PBXBuildFile; productRef = C6858FFA29CC71F600269A56 /* FirebaseMessaging */; };
		C6BBF9B329DC9DE400623FD7 /* Pauly_Backend_IOSApp.swift in Sources */ = {isa = PBXBuildFile; fileRef = C6BBF9B229DC9DE400623FD7 /* Pauly_Backend_IOSApp.swift */; };
		C6BBF9B529DC9DE400623FD7 /* ContentView.swift in Sources */ = {isa = PBXBuildFile; fileRef = C6BBF9B429DC9DE400623FD7 /* ContentView.swift */; };
		C6BBF9B729DC9DE500623FD7 /* Assets.xcassets in Resources */ = {isa = PBXBuildFile; fileRef = C6BBF9B629DC9DE500623FD7 /* Assets.xcassets */; };
		C6BBF9BA29DC9DE500623FD7 /* Preview Assets.xcassets in Resources */ = {isa = PBXBuildFile; fileRef = C6BBF9B929DC9DE500623FD7 /* Preview Assets.xcassets */; };
		C6BBF9BF29DC9E7E00623FD7 /* SportsView.swift in Sources */ = {isa = PBXBuildFile; fileRef = C6BBF9BE29DC9E7E00623FD7 /* SportsView.swift */; };
		C6BBF9C129DC9F2600623FD7 /* GoogleService-Info.plist in Resources */ = {isa = PBXBuildFile; fileRef = C6BBF9C029DC9F2600623FD7 /* GoogleService-Info.plist */; };
		C6BBF9C429DCA03800623FD7 /* MSAL in Frameworks */ = {isa = PBXBuildFile; productRef = C6BBF9C329DCA03800623FD7 /* MSAL */; };
		C6BBF9C629DCA03C00623FD7 /* FirebaseAuth in Frameworks */ = {isa = PBXBuildFile; productRef = C6BBF9C529DCA03C00623FD7 /* FirebaseAuth */; };
		C6BBF9C829DCA04000623FD7 /* FirebaseFirestore in Frameworks */ = {isa = PBXBuildFile; productRef = C6BBF9C729DCA04000623FD7 /* FirebaseFirestore */; };
		C6BBF9CA29DCA04E00623FD7 /* FirebaseMessaging in Frameworks */ = {isa = PBXBuildFile; productRef = C6BBF9C929DCA04E00623FD7 /* FirebaseMessaging */; };
		C6BBF9CC29DCA0BB00623FD7 /* passwordView.swift in Sources */ = {isa = PBXBuildFile; fileRef = C6BBF9CB29DCA0BB00623FD7 /* passwordView.swift */; };
		C6FB8CB729C4F93800672E70 /* Edit Class View.swift in Sources */ = {isa = PBXBuildFile; fileRef = C6FB8CB629C4F93700672E70 /* Edit Class View.swift */; };
/* End PBXBuildFile section */

/* Begin PBXFileReference section */
		C619BCE629CF30E1003510A0 /* Sports.swift */ = {isa = PBXFileReference; lastKnownFileType = sourcecode.swift; path = Sports.swift; sourceTree = "<group>"; };
		C6248A5E29D6724F009D2765 /* CreateCommition.swift */ = {isa = PBXFileReference; lastKnownFileType = sourcecode.swift; path = CreateCommition.swift; sourceTree = "<group>"; };
		C64E759429D82E8C002C9352 /* MicrosoftGraphFilesManager.swift */ = {isa = PBXFileReference; lastKnownFileType = sourcecode.swift; path = MicrosoftGraphFilesManager.swift; sourceTree = "<group>"; };
		C64E759629D83C2F002C9352 /* MSAL.swift */ = {isa = PBXFileReference; lastKnownFileType = sourcecode.swift; path = MSAL.swift; sourceTree = "<group>"; };
		C64E759D29D84160002C9352 /* PasswordView.swift */ = {isa = PBXFileReference; lastKnownFileType = sourcecode.swift; path = PasswordView.swift; sourceTree = "<group>"; };
		C64E759F29D8A06D002C9352 /* Info.plist */ = {isa = PBXFileReference; lastKnownFileType = text.plist.xml; path = Info.plist; sourceTree = "<group>"; };
		C65EF9C529C2645B00F886FD /* Pauly Backend.app */ = {isa = PBXFileReference; explicitFileType = wrapper.application; includeInIndex = 0; path = "Pauly Backend.app"; sourceTree = BUILT_PRODUCTS_DIR; };
		C65EF9C829C2645B00F886FD /* Pauly_BackendApp.swift */ = {isa = PBXFileReference; lastKnownFileType = sourcecode.swift; path = Pauly_BackendApp.swift; sourceTree = "<group>"; };
		C65EF9CA29C2645B00F886FD /* ContentView.swift */ = {isa = PBXFileReference; lastKnownFileType = sourcecode.swift; path = ContentView.swift; sourceTree = "<group>"; };
		C65EF9CC29C2645D00F886FD /* Assets.xcassets */ = {isa = PBXFileReference; lastKnownFileType = folder.assetcatalog; path = Assets.xcassets; sourceTree = "<group>"; };
		C65EF9CF29C2645D00F886FD /* Preview Assets.xcassets */ = {isa = PBXFileReference; lastKnownFileType = folder.assetcatalog; path = "Preview Assets.xcassets"; sourceTree = "<group>"; };
		C65EF9D129C2645D00F886FD /* Pauly_Backend.entitlements */ = {isa = PBXFileReference; lastKnownFileType = text.plist.entitlements; path = Pauly_Backend.entitlements; sourceTree = "<group>"; };
		C65EF9F329C27AF400F886FD /* GoogleService-Info-2.plist */ = {isa = PBXFileReference; fileEncoding = 4; lastKnownFileType = text.plist.xml; name = "GoogleService-Info-2.plist"; path = "../../../../../Downloads/GoogleService-Info-2.plist"; sourceTree = "<group>"; };
		C65EF9F529C27AFA00F886FD /* GoogleService-Info-2.plist */ = {isa = PBXFileReference; fileEncoding = 4; lastKnownFileType = text.plist.xml; name = "GoogleService-Info-2.plist"; path = "../../../../../Downloads/GoogleService-Info-2.plist"; sourceTree = "<group>"; };
		C65EF9F729C27B0400F886FD /* GoogleService-Info.plist */ = {isa = PBXFileReference; fileEncoding = 4; lastKnownFileType = text.plist.xml; path = "GoogleService-Info.plist"; sourceTree = "<group>"; };
		C6858FE429C88DA000269A56 /* AddClassViewRoot.swift */ = {isa = PBXFileReference; lastKnownFileType = sourcecode.swift; path = AddClassViewRoot.swift; sourceTree = "<group>"; };
		C6858FE829CA8C0000269A56 /* Overview.swift */ = {isa = PBXFileReference; lastKnownFileType = sourcecode.swift; path = Overview.swift; sourceTree = "<group>"; };
		C6858FEA29CA8C3D00269A56 /* AddClassView.swift */ = {isa = PBXFileReference; lastKnownFileType = sourcecode.swift; path = AddClassView.swift; sourceTree = "<group>"; };
		C6858FED29CBBFE800269A56 /* CardView.swift */ = {isa = PBXFileReference; lastKnownFileType = sourcecode.swift; path = CardView.swift; sourceTree = "<group>"; };
		C6BBF9B029DC9DE400623FD7 /* Pauly Backend IOS.app */ = {isa = PBXFileReference; explicitFileType = wrapper.application; includeInIndex = 0; path = "Pauly Backend IOS.app"; sourceTree = BUILT_PRODUCTS_DIR; };
		C6BBF9B229DC9DE400623FD7 /* Pauly_Backend_IOSApp.swift */ = {isa = PBXFileReference; lastKnownFileType = sourcecode.swift; path = Pauly_Backend_IOSApp.swift; sourceTree = "<group>"; };
		C6BBF9B429DC9DE400623FD7 /* ContentView.swift */ = {isa = PBXFileReference; lastKnownFileType = sourcecode.swift; path = ContentView.swift; sourceTree = "<group>"; };
		C6BBF9B629DC9DE500623FD7 /* Assets.xcassets */ = {isa = PBXFileReference; lastKnownFileType = folder.assetcatalog; path = Assets.xcassets; sourceTree = "<group>"; };
		C6BBF9B929DC9DE500623FD7 /* Preview Assets.xcassets */ = {isa = PBXFileReference; lastKnownFileType = folder.assetcatalog; path = "Preview Assets.xcassets"; sourceTree = "<group>"; };
		C6BBF9BE29DC9E7E00623FD7 /* SportsView.swift */ = {isa = PBXFileReference; lastKnownFileType = sourcecode.swift; path = SportsView.swift; sourceTree = "<group>"; };
		C6BBF9C029DC9F2600623FD7 /* GoogleService-Info.plist */ = {isa = PBXFileReference; fileEncoding = 4; lastKnownFileType = text.plist.xml; path = "GoogleService-Info.plist"; sourceTree = "<group>"; };
		C6BBF9CB29DCA0BB00623FD7 /* passwordView.swift */ = {isa = PBXFileReference; lastKnownFileType = sourcecode.swift; path = passwordView.swift; sourceTree = "<group>"; };
		C6FB8CB629C4F93700672E70 /* Edit Class View.swift */ = {isa = PBXFileReference; lastKnownFileType = sourcecode.swift; path = "Edit Class View.swift"; sourceTree = "<group>"; };
/* End PBXFileReference section */

/* Begin PBXFrameworksBuildPhase section */
		C65EF9C229C2645B00F886FD /* Frameworks */ = {
			isa = PBXFrameworksBuildPhase;
			buildActionMask = 2147483647;
			files = (
				C6858FFB29CC71F600269A56 /* FirebaseMessaging in Frameworks */,
				C6858FF929CC71F600269A56 /* FirebaseFirestoreSwift in Frameworks */,
				C6858FF129CC71F600269A56 /* FirebaseAnalytics in Frameworks */,
				C6858FF729CC71F600269A56 /* FirebaseFirestoreCombine-Community in Frameworks */,
				C6858FF329CC71F600269A56 /* FirebaseAuth in Frameworks */,
				C64E759A29D83CD2002C9352 /* MSAL in Frameworks */,
				C6858FF529CC71F600269A56 /* FirebaseFirestore in Frameworks */,
			);
			runOnlyForDeploymentPostprocessing = 0;
		};
		C6BBF9AD29DC9DE400623FD7 /* Frameworks */ = {
			isa = PBXFrameworksBuildPhase;
			buildActionMask = 2147483647;
			files = (
				C6BBF9CA29DCA04E00623FD7 /* FirebaseMessaging in Frameworks */,
				C6BBF9C429DCA03800623FD7 /* MSAL in Frameworks */,
				C6BBF9C629DCA03C00623FD7 /* FirebaseAuth in Frameworks */,
				C6BBF9C829DCA04000623FD7 /* FirebaseFirestore in Frameworks */,
			);
			runOnlyForDeploymentPostprocessing = 0;
		};
/* End PBXFrameworksBuildPhase section */

/* Begin PBXGroup section */
		C65EF9BC29C2645B00F886FD = {
			isa = PBXGroup;
			children = (
				C65EF9C729C2645B00F886FD /* Pauly Backend */,
				C6BBF9B129DC9DE400623FD7 /* Pauly Backend IOS */,
				C65EF9C629C2645B00F886FD /* Products */,
				C6BBF9C229DCA03800623FD7 /* Frameworks */,
			);
			sourceTree = "<group>";
		};
		C65EF9C629C2645B00F886FD /* Products */ = {
			isa = PBXGroup;
			children = (
				C65EF9C529C2645B00F886FD /* Pauly Backend.app */,
				C6BBF9B029DC9DE400623FD7 /* Pauly Backend IOS.app */,
			);
			name = Products;
			sourceTree = "<group>";
		};
		C65EF9C729C2645B00F886FD /* Pauly Backend */ = {
			isa = PBXGroup;
			children = (
				C64E759D29D84160002C9352 /* PasswordView.swift */,
				C64E759F29D8A06D002C9352 /* Info.plist */,
				C6858FEC29CBBC2400269A56 /* Class Foolder */,
				C6858FE829CA8C0000269A56 /* Overview.swift */,
				C619BCE629CF30E1003510A0 /* Sports.swift */,
				C65EF9F729C27B0400F886FD /* GoogleService-Info.plist */,
				C64E759629D83C2F002C9352 /* MSAL.swift */,
				C65EF9CA29C2645B00F886FD /* ContentView.swift */,
				C6248A5E29D6724F009D2765 /* CreateCommition.swift */,
				C64E759429D82E8C002C9352 /* MicrosoftGraphFilesManager.swift */,
				C6FB8CB629C4F93700672E70 /* Edit Class View.swift */,
				C65EF9CC29C2645D00F886FD /* Assets.xcassets */,
				C65EF9D129C2645D00F886FD /* Pauly_Backend.entitlements */,
				C65EF9CE29C2645D00F886FD /* Preview Content */,
			);
			path = "Pauly Backend";
			sourceTree = "<group>";
		};
		C65EF9CE29C2645D00F886FD /* Preview Content */ = {
			isa = PBXGroup;
			children = (
				C65EF9F329C27AF400F886FD /* GoogleService-Info-2.plist */,
				C65EF9F529C27AFA00F886FD /* GoogleService-Info-2.plist */,
				C65EF9CF29C2645D00F886FD /* Preview Assets.xcassets */,
			);
			path = "Preview Content";
			sourceTree = "<group>";
		};
		C6858FEC29CBBC2400269A56 /* Class Foolder */ = {
			isa = PBXGroup;
			children = (
				C6858FED29CBBFE800269A56 /* CardView.swift */,
				C6858FE429C88DA000269A56 /* AddClassViewRoot.swift */,
				C65EF9C829C2645B00F886FD /* Pauly_BackendApp.swift */,
				C6858FEA29CA8C3D00269A56 /* AddClassView.swift */,
			);
			path = "Class Foolder";
			sourceTree = "<group>";
		};
		C6BBF9B129DC9DE400623FD7 /* Pauly Backend IOS */ = {
			isa = PBXGroup;
			children = (
				C6BBF9B229DC9DE400623FD7 /* Pauly_Backend_IOSApp.swift */,
				C6BBF9B429DC9DE400623FD7 /* ContentView.swift */,
				C6BBF9CB29DCA0BB00623FD7 /* passwordView.swift */,
				C6BBF9C029DC9F2600623FD7 /* GoogleService-Info.plist */,
				C6BBF9BE29DC9E7E00623FD7 /* SportsView.swift */,
				C6BBF9B629DC9DE500623FD7 /* Assets.xcassets */,
				C6BBF9B829DC9DE500623FD7 /* Preview Content */,
			);
			path = "Pauly Backend IOS";
			sourceTree = "<group>";
		};
		C6BBF9B829DC9DE500623FD7 /* Preview Content */ = {
			isa = PBXGroup;
			children = (
				C6BBF9B929DC9DE500623FD7 /* Preview Assets.xcassets */,
			);
			path = "Preview Content";
			sourceTree = "<group>";
		};
		C6BBF9C229DCA03800623FD7 /* Frameworks */ = {
			isa = PBXGroup;
			children = (
			);
			name = Frameworks;
			sourceTree = "<group>";
		};
/* End PBXGroup section */

/* Begin PBXNativeTarget section */
		C65EF9C429C2645B00F886FD /* Pauly Backend */ = {
			isa = PBXNativeTarget;
			buildConfigurationList = C65EF9D429C2645D00F886FD /* Build configuration list for PBXNativeTarget "Pauly Backend" */;
			buildPhases = (
				C65EF9C129C2645B00F886FD /* Sources */,
				C65EF9C229C2645B00F886FD /* Frameworks */,
				C65EF9C329C2645B00F886FD /* Resources */,
			);
			buildRules = (
			);
			dependencies = (
			);
			name = "Pauly Backend";
			packageProductDependencies = (
				C6858FF029CC71F600269A56 /* FirebaseAnalytics */,
				C6858FF229CC71F600269A56 /* FirebaseAuth */,
				C6858FF429CC71F600269A56 /* FirebaseFirestore */,
				C6858FF629CC71F600269A56 /* FirebaseFirestoreCombine-Community */,
				C6858FF829CC71F600269A56 /* FirebaseFirestoreSwift */,
				C6858FFA29CC71F600269A56 /* FirebaseMessaging */,
				C64E759929D83CD2002C9352 /* MSAL */,
			);
			productName = "Pauly Backend";
			productReference = C65EF9C529C2645B00F886FD /* Pauly Backend.app */;
			productType = "com.apple.product-type.application";
		};
		C6BBF9AF29DC9DE400623FD7 /* Pauly Backend IOS */ = {
			isa = PBXNativeTarget;
			buildConfigurationList = C6BBF9BD29DC9DE500623FD7 /* Build configuration list for PBXNativeTarget "Pauly Backend IOS" */;
			buildPhases = (
				C6BBF9AC29DC9DE400623FD7 /* Sources */,
				C6BBF9AD29DC9DE400623FD7 /* Frameworks */,
				C6BBF9AE29DC9DE400623FD7 /* Resources */,
			);
			buildRules = (
			);
			dependencies = (
			);
			name = "Pauly Backend IOS";
			packageProductDependencies = (
				C6BBF9C329DCA03800623FD7 /* MSAL */,
				C6BBF9C529DCA03C00623FD7 /* FirebaseAuth */,
				C6BBF9C729DCA04000623FD7 /* FirebaseFirestore */,
				C6BBF9C929DCA04E00623FD7 /* FirebaseMessaging */,
			);
			productName = "Pauly Backend IOS";
			productReference = C6BBF9B029DC9DE400623FD7 /* Pauly Backend IOS.app */;
			productType = "com.apple.product-type.application";
		};
/* End PBXNativeTarget section */

/* Begin PBXProject section */
		C65EF9BD29C2645B00F886FD /* Project object */ = {
			isa = PBXProject;
			attributes = {
				BuildIndependentTargetsInParallel = 1;
				LastSwiftUpdateCheck = 1430;
				LastUpgradeCheck = 1420;
				TargetAttributes = {
					C65EF9C429C2645B00F886FD = {
						CreatedOnToolsVersion = 14.2;
					};
					C6BBF9AF29DC9DE400623FD7 = {
						CreatedOnToolsVersion = 14.3;
					};
				};
			};
			buildConfigurationList = C65EF9C029C2645B00F886FD /* Build configuration list for PBXProject "Pauly Backend" */;
			compatibilityVersion = "Xcode 14.0";
			developmentRegion = en;
			hasScannedForEncodings = 0;
			knownRegions = (
				en,
				Base,
			);
			mainGroup = C65EF9BC29C2645B00F886FD;
			packageReferences = (
				C6858FEF29CC71F600269A56 /* XCRemoteSwiftPackageReference "firebase-ios-sdk" */,
				C64E759829D83CD2002C9352 /* XCRemoteSwiftPackageReference "microsoft-authentication-library-for-objc" */,
			);
			productRefGroup = C65EF9C629C2645B00F886FD /* Products */;
			projectDirPath = "";
			projectRoot = "";
			targets = (
				C65EF9C429C2645B00F886FD /* Pauly Backend */,
				C6BBF9AF29DC9DE400623FD7 /* Pauly Backend IOS */,
			);
		};
/* End PBXProject section */

/* Begin PBXResourcesBuildPhase section */
		C65EF9C329C2645B00F886FD /* Resources */ = {
			isa = PBXResourcesBuildPhase;
			buildActionMask = 2147483647;
			files = (
				C64E75A029D8A06E002C9352 /* Info.plist in Resources */,
				C65EF9F829C27B0400F886FD /* GoogleService-Info.plist in Resources */,
				C65EF9D029C2645D00F886FD /* Preview Assets.xcassets in Resources */,
				C65EF9CD29C2645D00F886FD /* Assets.xcassets in Resources */,
				C65EF9F629C27AFA00F886FD /* GoogleService-Info-2.plist in Resources */,
				C65EF9F429C27AF400F886FD /* GoogleService-Info-2.plist in Resources */,
			);
			runOnlyForDeploymentPostprocessing = 0;
		};
		C6BBF9AE29DC9DE400623FD7 /* Resources */ = {
			isa = PBXResourcesBuildPhase;
			buildActionMask = 2147483647;
			files = (
				C6BBF9BA29DC9DE500623FD7 /* Preview Assets.xcassets in Resources */,
				C6BBF9C129DC9F2600623FD7 /* GoogleService-Info.plist in Resources */,
				C6BBF9B729DC9DE500623FD7 /* Assets.xcassets in Resources */,
			);
			runOnlyForDeploymentPostprocessing = 0;
		};
/* End PBXResourcesBuildPhase section */

/* Begin PBXSourcesBuildPhase section */
		C65EF9C129C2645B00F886FD /* Sources */ = {
			isa = PBXSourcesBuildPhase;
			buildActionMask = 2147483647;
			files = (
				C6858FEE29CBBFE800269A56 /* CardView.swift in Sources */,
				C6248A5F29D6724F009D2765 /* CreateCommition.swift in Sources */,
				C64E759729D83C2F002C9352 /* MSAL.swift in Sources */,
				C6858FE929CA8C0000269A56 /* Overview.swift in Sources */,
				C64E759E29D84160002C9352 /* PasswordView.swift in Sources */,
				C619BCE729CF30E1003510A0 /* Sports.swift in Sources */,
				C64E759529D82E8C002C9352 /* MicrosoftGraphFilesManager.swift in Sources */,
				C6858FEB29CA8C3D00269A56 /* AddClassView.swift in Sources */,
				C6FB8CB729C4F93800672E70 /* Edit Class View.swift in Sources */,
				C65EF9CB29C2645B00F886FD /* ContentView.swift in Sources */,
				C65EF9C929C2645B00F886FD /* Pauly_BackendApp.swift in Sources */,
				C6858FE529C88DA000269A56 /* AddClassViewRoot.swift in Sources */,
			);
			runOnlyForDeploymentPostprocessing = 0;
		};
		C6BBF9AC29DC9DE400623FD7 /* Sources */ = {
			isa = PBXSourcesBuildPhase;
			buildActionMask = 2147483647;
			files = (
				C6BBF9B529DC9DE400623FD7 /* ContentView.swift in Sources */,
				C6BBF9BF29DC9E7E00623FD7 /* SportsView.swift in Sources */,
				C6BBF9B329DC9DE400623FD7 /* Pauly_Backend_IOSApp.swift in Sources */,
				C6BBF9CC29DCA0BB00623FD7 /* passwordView.swift in Sources */,
			);
			runOnlyForDeploymentPostprocessing = 0;
		};
/* End PBXSourcesBuildPhase section */

/* Begin XCBuildConfiguration section */
		C65EF9D229C2645D00F886FD /* Debug */ = {
			isa = XCBuildConfiguration;
			buildSettings = {
				ALWAYS_SEARCH_USER_PATHS = NO;
				CLANG_ANALYZER_NONNULL = YES;
				CLANG_ANALYZER_NUMBER_OBJECT_CONVERSION = YES_AGGRESSIVE;
				CLANG_CXX_LANGUAGE_STANDARD = "gnu++20";
				CLANG_ENABLE_MODULES = YES;
				CLANG_ENABLE_OBJC_ARC = YES;
				CLANG_ENABLE_OBJC_WEAK = YES;
				CLANG_WARN_BLOCK_CAPTURE_AUTORELEASING = YES;
				CLANG_WARN_BOOL_CONVERSION = YES;
				CLANG_WARN_COMMA = YES;
				CLANG_WARN_CONSTANT_CONVERSION = YES;
				CLANG_WARN_DEPRECATED_OBJC_IMPLEMENTATIONS = YES;
				CLANG_WARN_DIRECT_OBJC_ISA_USAGE = YES_ERROR;
				CLANG_WARN_DOCUMENTATION_COMMENTS = YES;
				CLANG_WARN_EMPTY_BODY = YES;
				CLANG_WARN_ENUM_CONVERSION = YES;
				CLANG_WARN_INFINITE_RECURSION = YES;
				CLANG_WARN_INT_CONVERSION = YES;
				CLANG_WARN_NON_LITERAL_NULL_CONVERSION = YES;
				CLANG_WARN_OBJC_IMPLICIT_RETAIN_SELF = YES;
				CLANG_WARN_OBJC_LITERAL_CONVERSION = YES;
				CLANG_WARN_OBJC_ROOT_CLASS = YES_ERROR;
				CLANG_WARN_QUOTED_INCLUDE_IN_FRAMEWORK_HEADER = YES;
				CLANG_WARN_RANGE_LOOP_ANALYSIS = YES;
				CLANG_WARN_STRICT_PROTOTYPES = YES;
				CLANG_WARN_SUSPICIOUS_MOVE = YES;
				CLANG_WARN_UNGUARDED_AVAILABILITY = YES_AGGRESSIVE;
				CLANG_WARN_UNREACHABLE_CODE = YES;
				CLANG_WARN__DUPLICATE_METHOD_MATCH = YES;
				COPY_PHASE_STRIP = NO;
				DEBUG_INFORMATION_FORMAT = dwarf;
				ENABLE_STRICT_OBJC_MSGSEND = YES;
				ENABLE_TESTABILITY = YES;
				GCC_C_LANGUAGE_STANDARD = gnu11;
				GCC_DYNAMIC_NO_PIC = NO;
				GCC_NO_COMMON_BLOCKS = YES;
				GCC_OPTIMIZATION_LEVEL = 0;
				GCC_PREPROCESSOR_DEFINITIONS = (
					"DEBUG=1",
					"$(inherited)",
				);
				GCC_WARN_64_TO_32_BIT_CONVERSION = YES;
				GCC_WARN_ABOUT_RETURN_TYPE = YES_ERROR;
				GCC_WARN_UNDECLARED_SELECTOR = YES;
				GCC_WARN_UNINITIALIZED_AUTOS = YES_AGGRESSIVE;
				GCC_WARN_UNUSED_FUNCTION = YES;
				GCC_WARN_UNUSED_VARIABLE = YES;
				MACOSX_DEPLOYMENT_TARGET = 13.1;
				MTL_ENABLE_DEBUG_INFO = INCLUDE_SOURCE;
				MTL_FAST_MATH = YES;
				ONLY_ACTIVE_ARCH = YES;
				SDKROOT = macosx;
				SWIFT_ACTIVE_COMPILATION_CONDITIONS = DEBUG;
				SWIFT_OPTIMIZATION_LEVEL = "-Onone";
			};
			name = Debug;
		};
		C65EF9D329C2645D00F886FD /* Release */ = {
			isa = XCBuildConfiguration;
			buildSettings = {
				ALWAYS_SEARCH_USER_PATHS = NO;
				CLANG_ANALYZER_NONNULL = YES;
				CLANG_ANALYZER_NUMBER_OBJECT_CONVERSION = YES_AGGRESSIVE;
				CLANG_CXX_LANGUAGE_STANDARD = "gnu++20";
				CLANG_ENABLE_MODULES = YES;
				CLANG_ENABLE_OBJC_ARC = YES;
				CLANG_ENABLE_OBJC_WEAK = YES;
				CLANG_WARN_BLOCK_CAPTURE_AUTORELEASING = YES;
				CLANG_WARN_BOOL_CONVERSION = YES;
				CLANG_WARN_COMMA = YES;
				CLANG_WARN_CONSTANT_CONVERSION = YES;
				CLANG_WARN_DEPRECATED_OBJC_IMPLEMENTATIONS = YES;
				CLANG_WARN_DIRECT_OBJC_ISA_USAGE = YES_ERROR;
				CLANG_WARN_DOCUMENTATION_COMMENTS = YES;
				CLANG_WARN_EMPTY_BODY = YES;
				CLANG_WARN_ENUM_CONVERSION = YES;
				CLANG_WARN_INFINITE_RECURSION = YES;
				CLANG_WARN_INT_CONVERSION = YES;
				CLANG_WARN_NON_LITERAL_NULL_CONVERSION = YES;
				CLANG_WARN_OBJC_IMPLICIT_RETAIN_SELF = YES;
				CLANG_WARN_OBJC_LITERAL_CONVERSION = YES;
				CLANG_WARN_OBJC_ROOT_CLASS = YES_ERROR;
				CLANG_WARN_QUOTED_INCLUDE_IN_FRAMEWORK_HEADER = YES;
				CLANG_WARN_RANGE_LOOP_ANALYSIS = YES;
				CLANG_WARN_STRICT_PROTOTYPES = YES;
				CLANG_WARN_SUSPICIOUS_MOVE = YES;
				CLANG_WARN_UNGUARDED_AVAILABILITY = YES_AGGRESSIVE;
				CLANG_WARN_UNREACHABLE_CODE = YES;
				CLANG_WARN__DUPLICATE_METHOD_MATCH = YES;
				COPY_PHASE_STRIP = NO;
				DEBUG_INFORMATION_FORMAT = "dwarf-with-dsym";
				ENABLE_NS_ASSERTIONS = NO;
				ENABLE_STRICT_OBJC_MSGSEND = YES;
				GCC_C_LANGUAGE_STANDARD = gnu11;
				GCC_NO_COMMON_BLOCKS = YES;
				GCC_WARN_64_TO_32_BIT_CONVERSION = YES;
				GCC_WARN_ABOUT_RETURN_TYPE = YES_ERROR;
				GCC_WARN_UNDECLARED_SELECTOR = YES;
				GCC_WARN_UNINITIALIZED_AUTOS = YES_AGGRESSIVE;
				GCC_WARN_UNUSED_FUNCTION = YES;
				GCC_WARN_UNUSED_VARIABLE = YES;
				MACOSX_DEPLOYMENT_TARGET = 13.1;
				MTL_ENABLE_DEBUG_INFO = NO;
				MTL_FAST_MATH = YES;
				SDKROOT = macosx;
				SWIFT_COMPILATION_MODE = wholemodule;
				SWIFT_OPTIMIZATION_LEVEL = "-O";
			};
			name = Release;
		};
		C65EF9D529C2645D00F886FD /* Debug */ = {
			isa = XCBuildConfiguration;
			buildSettings = {
				ASSETCATALOG_COMPILER_APPICON_NAME = AppIcon;
				ASSETCATALOG_COMPILER_GLOBAL_ACCENT_COLOR_NAME = AccentColor;
				CODE_SIGN_ENTITLEMENTS = "Pauly Backend/Pauly_Backend.entitlements";
				"CODE_SIGN_IDENTITY[sdk=macosx*]" = "Apple Development";
				CODE_SIGN_STYLE = Automatic;
				COMBINE_HIDPI_IMAGES = YES;
				CURRENT_PROJECT_VERSION = 1;
				DEVELOPMENT_ASSET_PATHS = "\"Pauly Backend/Preview Content\"";
				DEVELOPMENT_TEAM = SYV2CK2N9N;
				ENABLE_PREVIEWS = YES;
				GENERATE_INFOPLIST_FILE = YES;
				INFOPLIST_KEY_NSHumanReadableCopyright = "";
				LD_RUNPATH_SEARCH_PATHS = (
					"$(inherited)",
					"@executable_path/../Frameworks",
				);
				MARKETING_VERSION = 1.0;
				PRODUCT_BUNDLE_IDENTIFIER = "Archimedes4.Pauly-Backend";
				PRODUCT_NAME = "$(TARGET_NAME)";
				SWIFT_EMIT_LOC_STRINGS = YES;
				SWIFT_VERSION = 5.0;
			};
			name = Debug;
		};
		C65EF9D629C2645D00F886FD /* Release */ = {
			isa = XCBuildConfiguration;
			buildSettings = {
				ASSETCATALOG_COMPILER_APPICON_NAME = AppIcon;
				ASSETCATALOG_COMPILER_GLOBAL_ACCENT_COLOR_NAME = AccentColor;
				CODE_SIGN_ENTITLEMENTS = "Pauly Backend/Pauly_Backend.entitlements";
				"CODE_SIGN_IDENTITY[sdk=macosx*]" = "Apple Development";
				CODE_SIGN_STYLE = Automatic;
				COMBINE_HIDPI_IMAGES = YES;
				CURRENT_PROJECT_VERSION = 1;
				DEVELOPMENT_ASSET_PATHS = "\"Pauly Backend/Preview Content\"";
				DEVELOPMENT_TEAM = SYV2CK2N9N;
				ENABLE_PREVIEWS = YES;
				GENERATE_INFOPLIST_FILE = YES;
				INFOPLIST_KEY_NSHumanReadableCopyright = "";
				LD_RUNPATH_SEARCH_PATHS = (
					"$(inherited)",
					"@executable_path/../Frameworks",
				);
				MARKETING_VERSION = 1.0;
				PRODUCT_BUNDLE_IDENTIFIER = "Archimedes4.Pauly-Backend";
				PRODUCT_NAME = "$(TARGET_NAME)";
				SWIFT_EMIT_LOC_STRINGS = YES;
				SWIFT_VERSION = 5.0;
			};
			name = Release;
		};
		C6BBF9BB29DC9DE500623FD7 /* Debug */ = {
			isa = XCBuildConfiguration;
			buildSettings = {
				ASSETCATALOG_COMPILER_APPICON_NAME = AppIcon;
				ASSETCATALOG_COMPILER_GLOBAL_ACCENT_COLOR_NAME = AccentColor;
				CODE_SIGN_STYLE = Automatic;
				CURRENT_PROJECT_VERSION = 1;
				DEVELOPMENT_ASSET_PATHS = "\"Pauly Backend IOS/Preview Content\"";
				DEVELOPMENT_TEAM = SYV2CK2N9N;
				ENABLE_PREVIEWS = YES;
				GENERATE_INFOPLIST_FILE = YES;
				INFOPLIST_KEY_UIApplicationSceneManifest_Generation = YES;
				INFOPLIST_KEY_UIApplicationSupportsIndirectInputEvents = YES;
				INFOPLIST_KEY_UILaunchScreen_Generation = YES;
				INFOPLIST_KEY_UISupportedInterfaceOrientations_iPad = "UIInterfaceOrientationPortrait UIInterfaceOrientationPortraitUpsideDown UIInterfaceOrientationLandscapeLeft UIInterfaceOrientationLandscapeRight";
				INFOPLIST_KEY_UISupportedInterfaceOrientations_iPhone = "UIInterfaceOrientationPortrait UIInterfaceOrientationLandscapeLeft UIInterfaceOrientationLandscapeRight";
				IPHONEOS_DEPLOYMENT_TARGET = 16.4;
				LD_RUNPATH_SEARCH_PATHS = (
					"$(inherited)",
					"@executable_path/Frameworks",
				);
				MARKETING_VERSION = 1.0;
				PRODUCT_BUNDLE_IDENTIFIER = "Archimedes4.Pauly-Backend-IOS";
				PRODUCT_NAME = "$(TARGET_NAME)";
				SDKROOT = iphoneos;
				SUPPORTED_PLATFORMS = "iphoneos iphonesimulator";
				SUPPORTS_MACCATALYST = NO;
				SUPPORTS_MAC_DESIGNED_FOR_IPHONE_IPAD = NO;
				SWIFT_EMIT_LOC_STRINGS = YES;
				SWIFT_VERSION = 5.0;
				TARGETED_DEVICE_FAMILY = "1,2";
			};
			name = Debug;
		};
		C6BBF9BC29DC9DE500623FD7 /* Release */ = {
			isa = XCBuildConfiguration;
			buildSettings = {
				ASSETCATALOG_COMPILER_APPICON_NAME = AppIcon;
				ASSETCATALOG_COMPILER_GLOBAL_ACCENT_COLOR_NAME = AccentColor;
				CODE_SIGN_STYLE = Automatic;
				CURRENT_PROJECT_VERSION = 1;
				DEVELOPMENT_ASSET_PATHS = "\"Pauly Backend IOS/Preview Content\"";
				DEVELOPMENT_TEAM = SYV2CK2N9N;
				ENABLE_PREVIEWS = YES;
				GENERATE_INFOPLIST_FILE = YES;
				INFOPLIST_KEY_UIApplicationSceneManifest_Generation = YES;
				INFOPLIST_KEY_UIApplicationSupportsIndirectInputEvents = YES;
				INFOPLIST_KEY_UILaunchScreen_Generation = YES;
				INFOPLIST_KEY_UISupportedInterfaceOrientations_iPad = "UIInterfaceOrientationPortrait UIInterfaceOrientationPortraitUpsideDown UIInterfaceOrientationLandscapeLeft UIInterfaceOrientationLandscapeRight";
				INFOPLIST_KEY_UISupportedInterfaceOrientations_iPhone = "UIInterfaceOrientationPortrait UIInterfaceOrientationLandscapeLeft UIInterfaceOrientationLandscapeRight";
				IPHONEOS_DEPLOYMENT_TARGET = 16.4;
				LD_RUNPATH_SEARCH_PATHS = (
					"$(inherited)",
					"@executable_path/Frameworks",
				);
				MARKETING_VERSION = 1.0;
				PRODUCT_BUNDLE_IDENTIFIER = "Archimedes4.Pauly-Backend-IOS";
				PRODUCT_NAME = "$(TARGET_NAME)";
				SDKROOT = iphoneos;
				SUPPORTED_PLATFORMS = "iphoneos iphonesimulator";
				SUPPORTS_MACCATALYST = NO;
				SUPPORTS_MAC_DESIGNED_FOR_IPHONE_IPAD = NO;
				SWIFT_EMIT_LOC_STRINGS = YES;
				SWIFT_VERSION = 5.0;
				TARGETED_DEVICE_FAMILY = "1,2";
				VALIDATE_PRODUCT = YES;
			};
			name = Release;
		};
/* End XCBuildConfiguration section */

/* Begin XCConfigurationList section */
		C65EF9C029C2645B00F886FD /* Build configuration list for PBXProject "Pauly Backend" */ = {
			isa = XCConfigurationList;
			buildConfigurations = (
				C65EF9D229C2645D00F886FD /* Debug */,
				C65EF9D329C2645D00F886FD /* Release */,
			);
			defaultConfigurationIsVisible = 0;
			defaultConfigurationName = Release;
		};
		C65EF9D429C2645D00F886FD /* Build configuration list for PBXNativeTarget "Pauly Backend" */ = {
			isa = XCConfigurationList;
			buildConfigurations = (
				C65EF9D529C2645D00F886FD /* Debug */,
				C65EF9D629C2645D00F886FD /* Release */,
			);
			defaultConfigurationIsVisible = 0;
			defaultConfigurationName = Release;
		};
		C6BBF9BD29DC9DE500623FD7 /* Build configuration list for PBXNativeTarget "Pauly Backend IOS" */ = {
			isa = XCConfigurationList;
			buildConfigurations = (
				C6BBF9BB29DC9DE500623FD7 /* Debug */,
				C6BBF9BC29DC9DE500623FD7 /* Release */,
			);
			defaultConfigurationIsVisible = 0;
			defaultConfigurationName = Release;
		};
/* End XCConfigurationList section */

/* Begin XCRemoteSwiftPackageReference section */
		C64E759829D83CD2002C9352 /* XCRemoteSwiftPackageReference "microsoft-authentication-library-for-objc" */ = {
			isa = XCRemoteSwiftPackageReference;
			repositoryURL = "https://github.com/AzureAD/microsoft-authentication-library-for-objc#installation";
			requirement = {
				branch = dev;
				kind = branch;
			};
		};
		C6858FEF29CC71F600269A56 /* XCRemoteSwiftPackageReference "firebase-ios-sdk" */ = {
			isa = XCRemoteSwiftPackageReference;
			repositoryURL = "https://github.com/firebase/firebase-ios-sdk";
			requirement = {
				kind = upToNextMajorVersion;
				minimumVersion = 9.0.0;
			};
		};
/* End XCRemoteSwiftPackageReference section */

/* Begin XCSwiftPackageProductDependency section */
		C64E759929D83CD2002C9352 /* MSAL */ = {
			isa = XCSwiftPackageProductDependency;
			package = C64E759829D83CD2002C9352 /* XCRemoteSwiftPackageReference "microsoft-authentication-library-for-objc" */;
			productName = MSAL;
		};
		C6858FF029CC71F600269A56 /* FirebaseAnalytics */ = {
			isa = XCSwiftPackageProductDependency;
			package = C6858FEF29CC71F600269A56 /* XCRemoteSwiftPackageReference "firebase-ios-sdk" */;
			productName = FirebaseAnalytics;
		};
		C6858FF229CC71F600269A56 /* FirebaseAuth */ = {
			isa = XCSwiftPackageProductDependency;
			package = C6858FEF29CC71F600269A56 /* XCRemoteSwiftPackageReference "firebase-ios-sdk" */;
			productName = FirebaseAuth;
		};
		C6858FF429CC71F600269A56 /* FirebaseFirestore */ = {
			isa = XCSwiftPackageProductDependency;
			package = C6858FEF29CC71F600269A56 /* XCRemoteSwiftPackageReference "firebase-ios-sdk" */;
			productName = FirebaseFirestore;
		};
		C6858FF629CC71F600269A56 /* FirebaseFirestoreCombine-Community */ = {
			isa = XCSwiftPackageProductDependency;
			package = C6858FEF29CC71F600269A56 /* XCRemoteSwiftPackageReference "firebase-ios-sdk" */;
			productName = "FirebaseFirestoreCombine-Community";
		};
		C6858FF829CC71F600269A56 /* FirebaseFirestoreSwift */ = {
			isa = XCSwiftPackageProductDependency;
			package = C6858FEF29CC71F600269A56 /* XCRemoteSwiftPackageReference "firebase-ios-sdk" */;
			productName = FirebaseFirestoreSwift;
		};
		C6858FFA29CC71F600269A56 /* FirebaseMessaging */ = {
			isa = XCSwiftPackageProductDependency;
			package = C6858FEF29CC71F600269A56 /* XCRemoteSwiftPackageReference "firebase-ios-sdk" */;
			productName = FirebaseMessaging;
		};
		C6BBF9C329DCA03800623FD7 /* MSAL */ = {
			isa = XCSwiftPackageProductDependency;
			package = C64E759829D83CD2002C9352 /* XCRemoteSwiftPackageReference "microsoft-authentication-library-for-objc" */;
			productName = MSAL;
		};
		C6BBF9C529DCA03C00623FD7 /* FirebaseAuth */ = {
			isa = XCSwiftPackageProductDependency;
			package = C6858FEF29CC71F600269A56 /* XCRemoteSwiftPackageReference "firebase-ios-sdk" */;
			productName = FirebaseAuth;
		};
		C6BBF9C729DCA04000623FD7 /* FirebaseFirestore */ = {
			isa = XCSwiftPackageProductDependency;
			package = C6858FEF29CC71F600269A56 /* XCRemoteSwiftPackageReference "firebase-ios-sdk" */;
			productName = FirebaseFirestore;
		};
		C6BBF9C929DCA04E00623FD7 /* FirebaseMessaging */ = {
			isa = XCSwiftPackageProductDependency;
			package = C6858FEF29CC71F600269A56 /* XCRemoteSwiftPackageReference "firebase-ios-sdk" */;
			productName = FirebaseMessaging;
		};
/* End XCSwiftPackageProductDependency section */
	};
	rootObject = C65EF9BD29C2645B00F886FD /* Project object */;
}
