// !$*UTF8*$!
{
	archiveVersion = 1;
	classes = {
	};
	objectVersion = 56;
	objects = {

/* Begin PBXBuildFile section */
		C60B567B29D8280E00E8AC5D /* Resources.swift in Sources */ = {isa = PBXBuildFile; fileRef = C60B567A29D8280D00E8AC5D /* Resources.swift */; };
		C620B5CE29B81235007DB698 /* Security.swift in Sources */ = {isa = PBXBuildFile; fileRef = C620B5CD29B81235007DB698 /* Security.swift */; };
		C620B5D129B8BAA4007DB698 /* Security.framework in Frameworks */ = {isa = PBXBuildFile; fileRef = C620B5D029B8BAA4007DB698 /* Security.framework */; };
		C620B5D329B8BC09007DB698 /* PDFview.swift in Sources */ = {isa = PBXBuildFile; fileRef = C620B5D229B8BC09007DB698 /* PDFview.swift */; };
		C6248A6129D72AD7009D2765 /* CardView.swift in Sources */ = {isa = PBXBuildFile; fileRef = C6248A6029D72AD7009D2765 /* CardView.swift */; };
		C6248A6329D73975009D2765 /* LocationServices.swift in Sources */ = {isa = PBXBuildFile; fileRef = C6248A6229D73975009D2765 /* LocationServices.swift */; };
		C6352BAE29F589AD009A9280 /* PIE ChartView.swift in Sources */ = {isa = PBXBuildFile; fileRef = C6352BAD29F589AC009A9280 /* PIE ChartView.swift */; };
		C640C4AC29B1325E009668BF /* QuizView.swift in Sources */ = {isa = PBXBuildFile; fileRef = C640C4AB29B1325E009668BF /* QuizView.swift */; };
		C640C4AE29B26FF1009668BF /* CalendarPageView.swift in Sources */ = {isa = PBXBuildFile; fileRef = C640C4AD29B26FF1009668BF /* CalendarPageView.swift */; };
		C640C4B029B29035009668BF /* LectureView.swift in Sources */ = {isa = PBXBuildFile; fileRef = C640C4AF29B29035009668BF /* LectureView.swift */; };
		C640C4B829B45C52009668BF /* ChatHomePage.swift in Sources */ = {isa = PBXBuildFile; fileRef = C640C4B729B45C52009668BF /* ChatHomePage.swift */; };
		C64A91AE29DCA4A50049DDE9 /* GoogleService-Info.plist in Resources */ = {isa = PBXBuildFile; fileRef = C64A91AD29DCA4A50049DDE9 /* GoogleService-Info.plist */; };
		C64C7A0129D1DC0500E966CF /* Backgrounds.swift in Sources */ = {isa = PBXBuildFile; fileRef = C64C7A0029D1DC0400E966CF /* Backgrounds.swift */; };
		C64D214229DDD572006D5A13 /* WidgetKit.framework in Frameworks */ = {isa = PBXBuildFile; fileRef = C64D214129DDD572006D5A13 /* WidgetKit.framework */; };
		C64D214429DDD572006D5A13 /* SwiftUI.framework in Frameworks */ = {isa = PBXBuildFile; fileRef = C64D214329DDD572006D5A13 /* SwiftUI.framework */; };
		C64D214729DDD572006D5A13 /* PaulyWidgetBundle.swift in Sources */ = {isa = PBXBuildFile; fileRef = C64D214629DDD572006D5A13 /* PaulyWidgetBundle.swift */; };
		C64D214929DDD572006D5A13 /* PaulyWidgetLiveActivity.swift in Sources */ = {isa = PBXBuildFile; fileRef = C64D214829DDD572006D5A13 /* PaulyWidgetLiveActivity.swift */; };
		C64D214B29DDD572006D5A13 /* PaulyWidget.swift in Sources */ = {isa = PBXBuildFile; fileRef = C64D214A29DDD572006D5A13 /* PaulyWidget.swift */; };
		C64D215029DDD573006D5A13 /* PaulyWidget.intentdefinition in Sources */ = {isa = PBXBuildFile; fileRef = C64D214C29DDD572006D5A13 /* PaulyWidget.intentdefinition */; };
		C64D215129DDD573006D5A13 /* PaulyWidget.intentdefinition in Sources */ = {isa = PBXBuildFile; fileRef = C64D214C29DDD572006D5A13 /* PaulyWidget.intentdefinition */; };
		C64D215429DDD573006D5A13 /* PaulyWidgetExtension.appex in Embed Foundation Extensions */ = {isa = PBXBuildFile; fileRef = C64D214029DDD572006D5A13 /* PaulyWidgetExtension.appex */; settings = {ATTRIBUTES = (RemoveHeadersOnCopy, ); }; };
		C657D0EA29DB8EB4001A368B /* HTMLTextView.swift in Sources */ = {isa = PBXBuildFile; fileRef = C657D0E929DB8EB4001A368B /* HTMLTextView.swift */; };
		C671570F29DF3A6C00D6DD57 /* GovernmentView.swift in Sources */ = {isa = PBXBuildFile; fileRef = C671570E29DF3A6C00D6DD57 /* GovernmentView.swift */; };
		C6858FE329C6621E00269A56 /* Messaging.swift in Sources */ = {isa = PBXBuildFile; fileRef = C6858FE229C6621E00269A56 /* Messaging.swift */; };
		C6858FE729C8CA1500269A56 /* RecentNotificationsView.swift in Sources */ = {isa = PBXBuildFile; fileRef = C6858FE629C8CA1500269A56 /* RecentNotificationsView.swift */; };
		C695C01229A7E4F200D983E7 /* PaulyApp.swift in Sources */ = {isa = PBXBuildFile; fileRef = C695C01129A7E4F200D983E7 /* PaulyApp.swift */; };
		C695C01429A7E4F200D983E7 /* ContentView.swift in Sources */ = {isa = PBXBuildFile; fileRef = C695C01329A7E4F200D983E7 /* ContentView.swift */; };
		C695C01629A7E4F600D983E7 /* Assets.xcassets in Resources */ = {isa = PBXBuildFile; fileRef = C695C01529A7E4F600D983E7 /* Assets.xcassets */; };
		C695C01929A7E4F600D983E7 /* Preview Assets.xcassets in Resources */ = {isa = PBXBuildFile; fileRef = C695C01829A7E4F600D983E7 /* Preview Assets.xcassets */; };
		C6CB35A129D28762007EC7A8 /* LaunchScreen.storyboard in Resources */ = {isa = PBXBuildFile; fileRef = C6CB35A029D28762007EC7A8 /* LaunchScreen.storyboard */; };
		C6D00E0529F1DEC3002544EE /* ConversationTeams.swift in Sources */ = {isa = PBXBuildFile; fileRef = C6D00E0429F1DEC3002544EE /* ConversationTeams.swift */; };
		C6D00E0729F23222002544EE /* ElectionsView.swift in Sources */ = {isa = PBXBuildFile; fileRef = C6D00E0629F23222002544EE /* ElectionsView.swift */; };
		C6D00E0929F2BA89002544EE /* GovernmentViewElections.swift in Sources */ = {isa = PBXBuildFile; fileRef = C6D00E0829F2BA89002544EE /* GovernmentViewElections.swift */; };
		C6D00E0B29F32C5D002544EE /* NotificationsPauly.swift in Sources */ = {isa = PBXBuildFile; fileRef = C6D00E0A29F32C5D002544EE /* NotificationsPauly.swift */; };
		C6D00E0D29F430AA002544EE /* CommissionsView.swift in Sources */ = {isa = PBXBuildFile; fileRef = C6D00E0C29F430AA002544EE /* CommissionsView.swift */; };
		C6D4679029EB035E00A7882E /* FirebaseAuth in Frameworks */ = {isa = PBXBuildFile; productRef = C6D4678F29EB035E00A7882E /* FirebaseAuth */; };
		C6D4679229EB036700A7882E /* FirebaseFirestore in Frameworks */ = {isa = PBXBuildFile; productRef = C6D4679129EB036700A7882E /* FirebaseFirestore */; };
		C6D4679429EB038400A7882E /* FirebaseAuth in Frameworks */ = {isa = PBXBuildFile; productRef = C6D4679329EB038400A7882E /* FirebaseAuth */; };
		C6D4679629EB038D00A7882E /* FirebaseFirestore in Frameworks */ = {isa = PBXBuildFile; productRef = C6D4679529EB038D00A7882E /* FirebaseFirestore */; };
		C6D4679829EB039300A7882E /* FirebaseMessaging in Frameworks */ = {isa = PBXBuildFile; productRef = C6D4679729EB039300A7882E /* FirebaseMessaging */; };
		C6D4679A29EB039A00A7882E /* FirebaseStorage in Frameworks */ = {isa = PBXBuildFile; productRef = C6D4679929EB039A00A7882E /* FirebaseStorage */; };
		C6D4679C29EB44EF00A7882E /* MSAL in Frameworks */ = {isa = PBXBuildFile; productRef = C6D4679B29EB44EF00A7882E /* MSAL */; };
		C6D4679E29EB524100A7882E /* UIImageExtension.swift in Sources */ = {isa = PBXBuildFile; fileRef = C6D4679D29EB524100A7882E /* UIImageExtension.swift */; };
		C6D467A529EB7F2D00A7882E /* SwiftUI.framework in Frameworks */ = {isa = PBXBuildFile; fileRef = C64D214329DDD572006D5A13 /* SwiftUI.framework */; };
		C6D467AD29EC55F800A7882E /* SDWebImageSwiftUI in Frameworks */ = {isa = PBXBuildFile; productRef = C6D467AC29EC55F800A7882E /* SDWebImageSwiftUI */; };
		C6D467AF29ECC69900A7882E /* GovernmentCardAddView.swift in Sources */ = {isa = PBXBuildFile; fileRef = C6D467AE29ECC69900A7882E /* GovernmentCardAddView.swift */; };
		C6D467B229EF355A00A7882E /* Assests.xcassets in Resources */ = {isa = PBXBuildFile; fileRef = C6D467B129EF355A00A7882E /* Assests.xcassets */; };
		C6D467B329EF367C00A7882E /* Assests.xcassets in Sources */ = {isa = PBXBuildFile; fileRef = C6D467B129EF355A00A7882E /* Assests.xcassets */; };
		C6D467B529EF779400A7882E /* CalendarEventsView.swift in Sources */ = {isa = PBXBuildFile; fileRef = C6D467B429EF779300A7882E /* CalendarEventsView.swift */; };
		C6D5B9E029DFBC4500F47CBA /* ImageView.swift in Sources */ = {isa = PBXBuildFile; fileRef = C6D5B9DF29DFBC4500F47CBA /* ImageView.swift */; };
		C6D5B9FD29E0713600F47CBA /* GovernmentViewClasses.swift in Sources */ = {isa = PBXBuildFile; fileRef = C6D5B9FC29E0713600F47CBA /* GovernmentViewClasses.swift */; };
		C6D5BA0029E073F200F47CBA /* GovernmentViewCards.swift in Sources */ = {isa = PBXBuildFile; fileRef = C6D5B9FF29E073F200F47CBA /* GovernmentViewCards.swift */; };
		C6D5BA0229E091EE00F47CBA /* GovernmentViewCommissions.swift in Sources */ = {isa = PBXBuildFile; fileRef = C6D5BA0129E091EE00F47CBA /* GovernmentViewCommissions.swift */; };
		C6D5BA0529E37B7300F47CBA /* GovernmentViewSports.swift in Sources */ = {isa = PBXBuildFile; fileRef = C6D5BA0429E37B7300F47CBA /* GovernmentViewSports.swift */; };
		C6E2104129E6CC72000A7742 /* GovernmentClassAddClassView.swift in Sources */ = {isa = PBXBuildFile; fileRef = C6E2104029E6CC72000A7742 /* GovernmentClassAddClassView.swift */; };
		C6E2104429E6CD22000A7742 /* GovernmentClassAddClassRootView.swift in Sources */ = {isa = PBXBuildFile; fileRef = C6E2104329E6CD22000A7742 /* GovernmentClassAddClassRootView.swift */; };
		C6E2104629E6CD4F000A7742 /* GovernmentClassEditView.swift in Sources */ = {isa = PBXBuildFile; fileRef = C6E2104529E6CD4F000A7742 /* GovernmentClassEditView.swift */; };
		C6E2104E29E875CF000A7742 /* CalendarPageDayView.swift in Sources */ = {isa = PBXBuildFile; fileRef = C6E2104D29E875CF000A7742 /* CalendarPageDayView.swift */; };
		C6E229C429BC0A15008DB772 /* MSAL.swift in Sources */ = {isa = PBXBuildFile; fileRef = C6E229C329BC0A15008DB772 /* MSAL.swift */; };
		C6E229C829BCDBF1008DB772 /* ProfileView.swift in Sources */ = {isa = PBXBuildFile; fileRef = C6E229C729BCDBF1008DB772 /* ProfileView.swift */; };
		C6E2601529DE0E78005811A1 /* GoogleService-Info.plist in Resources */ = {isa = PBXBuildFile; fileRef = C64A91AD29DCA4A50049DDE9 /* GoogleService-Info.plist */; };
		C6F2B18B29CCA86E00149F20 /* Leaderboard.swift in Sources */ = {isa = PBXBuildFile; fileRef = C6F2B18A29CCA86E00149F20 /* Leaderboard.swift */; };
		C6FB8CB529C39DA400672E70 /* SportsView.swift in Sources */ = {isa = PBXBuildFile; fileRef = C6FB8CB429C39DA400672E70 /* SportsView.swift */; };
		C6FB8CC429C60EA200672E70 /* CreateNewUserView.swift in Sources */ = {isa = PBXBuildFile; fileRef = C6FB8CC329C60EA100672E70 /* CreateNewUserView.swift */; };
		C6FB8CC629C611CB00672E70 /* PassswordView.swift in Sources */ = {isa = PBXBuildFile; fileRef = C6FB8CC529C611CB00672E70 /* PassswordView.swift */; };
		C6FC4D3D29AA402A00F6ED3E /* Functions.swift in Sources */ = {isa = PBXBuildFile; fileRef = C6FC4D3C29AA402A00F6ED3E /* Functions.swift */; };
/* End PBXBuildFile section */

/* Begin PBXContainerItemProxy section */
		C64D215229DDD573006D5A13 /* PBXContainerItemProxy */ = {
			isa = PBXContainerItemProxy;
			containerPortal = C695C00629A7E4F200D983E7 /* Project object */;
			proxyType = 1;
			remoteGlobalIDString = C64D213F29DDD572006D5A13;
			remoteInfo = PaulyWidgetExtension;
		};
/* End PBXContainerItemProxy section */

/* Begin PBXCopyFilesBuildPhase section */
		C64D215529DDD573006D5A13 /* Embed Foundation Extensions */ = {
			isa = PBXCopyFilesBuildPhase;
			buildActionMask = 2147483647;
			dstPath = "";
			dstSubfolderSpec = 13;
			files = (
				C64D215429DDD573006D5A13 /* PaulyWidgetExtension.appex in Embed Foundation Extensions */,
			);
			name = "Embed Foundation Extensions";
			runOnlyForDeploymentPostprocessing = 0;
		};
/* End PBXCopyFilesBuildPhase section */

/* Begin PBXFileReference section */
		C60B567A29D8280D00E8AC5D /* Resources.swift */ = {isa = PBXFileReference; lastKnownFileType = sourcecode.swift; path = Resources.swift; sourceTree = "<group>"; };
		C620B5CD29B81235007DB698 /* Security.swift */ = {isa = PBXFileReference; lastKnownFileType = sourcecode.swift; path = Security.swift; sourceTree = "<group>"; };
		C620B5D029B8BAA4007DB698 /* Security.framework */ = {isa = PBXFileReference; lastKnownFileType = wrapper.framework; name = Security.framework; path = System/Library/Frameworks/Security.framework; sourceTree = SDKROOT; };
		C620B5D229B8BC09007DB698 /* PDFview.swift */ = {isa = PBXFileReference; lastKnownFileType = sourcecode.swift; path = PDFview.swift; sourceTree = "<group>"; };
		C6248A6029D72AD7009D2765 /* CardView.swift */ = {isa = PBXFileReference; lastKnownFileType = sourcecode.swift; path = CardView.swift; sourceTree = "<group>"; };
		C6248A6229D73975009D2765 /* LocationServices.swift */ = {isa = PBXFileReference; lastKnownFileType = sourcecode.swift; path = LocationServices.swift; sourceTree = "<group>"; };
		C6352BAD29F589AC009A9280 /* PIE ChartView.swift */ = {isa = PBXFileReference; lastKnownFileType = sourcecode.swift; path = "PIE ChartView.swift"; sourceTree = "<group>"; };
		C640C4AB29B1325E009668BF /* QuizView.swift */ = {isa = PBXFileReference; lastKnownFileType = sourcecode.swift; path = QuizView.swift; sourceTree = "<group>"; };
		C640C4AD29B26FF1009668BF /* CalendarPageView.swift */ = {isa = PBXFileReference; lastKnownFileType = sourcecode.swift; path = CalendarPageView.swift; sourceTree = "<group>"; };
		C640C4AF29B29035009668BF /* LectureView.swift */ = {isa = PBXFileReference; lastKnownFileType = sourcecode.swift; path = LectureView.swift; sourceTree = "<group>"; };
		C640C4B529B433A8009668BF /* Pauly.entitlements */ = {isa = PBXFileReference; lastKnownFileType = text.plist.entitlements; path = Pauly.entitlements; sourceTree = "<group>"; };
		C640C4B729B45C52009668BF /* ChatHomePage.swift */ = {isa = PBXFileReference; lastKnownFileType = sourcecode.swift; path = ChatHomePage.swift; sourceTree = "<group>"; };
		C64A91AD29DCA4A50049DDE9 /* GoogleService-Info.plist */ = {isa = PBXFileReference; fileEncoding = 4; lastKnownFileType = text.plist.xml; path = "GoogleService-Info.plist"; sourceTree = "<group>"; };
		C64C7A0029D1DC0400E966CF /* Backgrounds.swift */ = {isa = PBXFileReference; lastKnownFileType = sourcecode.swift; path = Backgrounds.swift; sourceTree = "<group>"; };
		C64D214029DDD572006D5A13 /* PaulyWidgetExtension.appex */ = {isa = PBXFileReference; explicitFileType = "wrapper.app-extension"; includeInIndex = 0; path = PaulyWidgetExtension.appex; sourceTree = BUILT_PRODUCTS_DIR; };
		C64D214129DDD572006D5A13 /* WidgetKit.framework */ = {isa = PBXFileReference; lastKnownFileType = wrapper.framework; name = WidgetKit.framework; path = System/Library/Frameworks/WidgetKit.framework; sourceTree = SDKROOT; };
		C64D214329DDD572006D5A13 /* SwiftUI.framework */ = {isa = PBXFileReference; lastKnownFileType = wrapper.framework; name = SwiftUI.framework; path = System/Library/Frameworks/SwiftUI.framework; sourceTree = SDKROOT; };
		C64D214629DDD572006D5A13 /* PaulyWidgetBundle.swift */ = {isa = PBXFileReference; lastKnownFileType = sourcecode.swift; path = PaulyWidgetBundle.swift; sourceTree = "<group>"; };
		C64D214829DDD572006D5A13 /* PaulyWidgetLiveActivity.swift */ = {isa = PBXFileReference; lastKnownFileType = sourcecode.swift; path = PaulyWidgetLiveActivity.swift; sourceTree = "<group>"; };
		C64D214A29DDD572006D5A13 /* PaulyWidget.swift */ = {isa = PBXFileReference; lastKnownFileType = sourcecode.swift; path = PaulyWidget.swift; sourceTree = "<group>"; };
		C64D214C29DDD572006D5A13 /* PaulyWidget.intentdefinition */ = {isa = PBXFileReference; lastKnownFileType = file.intentdefinition; path = PaulyWidget.intentdefinition; sourceTree = "<group>"; };
		C64D214F29DDD573006D5A13 /* Info.plist */ = {isa = PBXFileReference; lastKnownFileType = text.plist.xml; path = Info.plist; sourceTree = "<group>"; };
		C657D0E929DB8EB4001A368B /* HTMLTextView.swift */ = {isa = PBXFileReference; lastKnownFileType = sourcecode.swift; path = HTMLTextView.swift; sourceTree = "<group>"; };
		C671570E29DF3A6C00D6DD57 /* GovernmentView.swift */ = {isa = PBXFileReference; lastKnownFileType = sourcecode.swift; path = GovernmentView.swift; sourceTree = "<group>"; };
		C6858FE229C6621E00269A56 /* Messaging.swift */ = {isa = PBXFileReference; lastKnownFileType = sourcecode.swift; path = Messaging.swift; sourceTree = "<group>"; };
		C6858FE629C8CA1500269A56 /* RecentNotificationsView.swift */ = {isa = PBXFileReference; lastKnownFileType = sourcecode.swift; path = RecentNotificationsView.swift; sourceTree = "<group>"; };
		C692640329B011BF000F96B9 /* Info.plist */ = {isa = PBXFileReference; lastKnownFileType = text.plist; path = Info.plist; sourceTree = "<group>"; };
		C695C00E29A7E4F200D983E7 /* Pauly.app */ = {isa = PBXFileReference; explicitFileType = wrapper.application; includeInIndex = 0; path = Pauly.app; sourceTree = BUILT_PRODUCTS_DIR; };
		C695C01129A7E4F200D983E7 /* PaulyApp.swift */ = {isa = PBXFileReference; lastKnownFileType = sourcecode.swift; path = PaulyApp.swift; sourceTree = "<group>"; };
		C695C01329A7E4F200D983E7 /* ContentView.swift */ = {isa = PBXFileReference; lastKnownFileType = sourcecode.swift; path = ContentView.swift; sourceTree = "<group>"; };
		C695C01529A7E4F600D983E7 /* Assets.xcassets */ = {isa = PBXFileReference; lastKnownFileType = folder.assetcatalog; path = Assets.xcassets; sourceTree = "<group>"; };
		C695C01829A7E4F600D983E7 /* Preview Assets.xcassets */ = {isa = PBXFileReference; lastKnownFileType = folder.assetcatalog; path = "Preview Assets.xcassets"; sourceTree = "<group>"; };
		C6CB35A029D28762007EC7A8 /* LaunchScreen.storyboard */ = {isa = PBXFileReference; lastKnownFileType = file.storyboard; path = LaunchScreen.storyboard; sourceTree = "<group>"; };
		C6D00E0429F1DEC3002544EE /* ConversationTeams.swift */ = {isa = PBXFileReference; fileEncoding = 4; lastKnownFileType = sourcecode.swift; path = ConversationTeams.swift; sourceTree = "<group>"; };
		C6D00E0629F23222002544EE /* ElectionsView.swift */ = {isa = PBXFileReference; lastKnownFileType = sourcecode.swift; path = ElectionsView.swift; sourceTree = "<group>"; };
		C6D00E0829F2BA89002544EE /* GovernmentViewElections.swift */ = {isa = PBXFileReference; lastKnownFileType = sourcecode.swift; path = GovernmentViewElections.swift; sourceTree = "<group>"; };
		C6D00E0A29F32C5D002544EE /* NotificationsPauly.swift */ = {isa = PBXFileReference; fileEncoding = 4; lastKnownFileType = sourcecode.swift; path = NotificationsPauly.swift; sourceTree = "<group>"; };
		C6D00E0C29F430AA002544EE /* CommissionsView.swift */ = {isa = PBXFileReference; lastKnownFileType = sourcecode.swift; path = CommissionsView.swift; sourceTree = "<group>"; };
		C6D4679D29EB524100A7882E /* UIImageExtension.swift */ = {isa = PBXFileReference; lastKnownFileType = sourcecode.swift; path = UIImageExtension.swift; sourceTree = "<group>"; };
		C6D467AE29ECC69900A7882E /* GovernmentCardAddView.swift */ = {isa = PBXFileReference; lastKnownFileType = sourcecode.swift; path = GovernmentCardAddView.swift; sourceTree = "<group>"; };
		C6D467B129EF355A00A7882E /* Assests.xcassets */ = {isa = PBXFileReference; lastKnownFileType = folder.assetcatalog; path = Assests.xcassets; sourceTree = "<group>"; };
		C6D467B429EF779300A7882E /* CalendarEventsView.swift */ = {isa = PBXFileReference; lastKnownFileType = sourcecode.swift; path = CalendarEventsView.swift; sourceTree = "<group>"; };
		C6D5B9DF29DFBC4500F47CBA /* ImageView.swift */ = {isa = PBXFileReference; lastKnownFileType = sourcecode.swift; path = ImageView.swift; sourceTree = "<group>"; };
		C6D5B9FC29E0713600F47CBA /* GovernmentViewClasses.swift */ = {isa = PBXFileReference; lastKnownFileType = sourcecode.swift; path = GovernmentViewClasses.swift; sourceTree = "<group>"; };
		C6D5B9FF29E073F200F47CBA /* GovernmentViewCards.swift */ = {isa = PBXFileReference; lastKnownFileType = sourcecode.swift; path = GovernmentViewCards.swift; sourceTree = "<group>"; };
		C6D5BA0129E091EE00F47CBA /* GovernmentViewCommissions.swift */ = {isa = PBXFileReference; lastKnownFileType = sourcecode.swift; path = GovernmentViewCommissions.swift; sourceTree = "<group>"; };
		C6D5BA0429E37B7300F47CBA /* GovernmentViewSports.swift */ = {isa = PBXFileReference; lastKnownFileType = sourcecode.swift; path = GovernmentViewSports.swift; sourceTree = "<group>"; };
		C6E2104029E6CC72000A7742 /* GovernmentClassAddClassView.swift */ = {isa = PBXFileReference; lastKnownFileType = sourcecode.swift; path = GovernmentClassAddClassView.swift; sourceTree = "<group>"; };
		C6E2104329E6CD22000A7742 /* GovernmentClassAddClassRootView.swift */ = {isa = PBXFileReference; lastKnownFileType = sourcecode.swift; path = GovernmentClassAddClassRootView.swift; sourceTree = "<group>"; };
		C6E2104529E6CD4F000A7742 /* GovernmentClassEditView.swift */ = {isa = PBXFileReference; lastKnownFileType = sourcecode.swift; path = GovernmentClassEditView.swift; sourceTree = "<group>"; };
		C6E2104D29E875CF000A7742 /* CalendarPageDayView.swift */ = {isa = PBXFileReference; fileEncoding = 4; lastKnownFileType = sourcecode.swift; path = CalendarPageDayView.swift; sourceTree = "<group>"; };
		C6E229C329BC0A15008DB772 /* MSAL.swift */ = {isa = PBXFileReference; lastKnownFileType = sourcecode.swift; path = MSAL.swift; sourceTree = "<group>"; };
		C6E229C729BCDBF1008DB772 /* ProfileView.swift */ = {isa = PBXFileReference; lastKnownFileType = sourcecode.swift; path = ProfileView.swift; sourceTree = "<group>"; };
		C6E2601629DE0F00005811A1 /* PaulyWidgetExtension.entitlements */ = {isa = PBXFileReference; lastKnownFileType = text.plist.entitlements; name = PaulyWidgetExtension.entitlements; path = PaulyWidget/PaulyWidgetExtension.entitlements; sourceTree = "<group>"; };
		C6F2B18A29CCA86E00149F20 /* Leaderboard.swift */ = {isa = PBXFileReference; lastKnownFileType = sourcecode.swift; path = Leaderboard.swift; sourceTree = "<group>"; };
		C6FB8CB429C39DA400672E70 /* SportsView.swift */ = {isa = PBXFileReference; lastKnownFileType = sourcecode.swift; path = SportsView.swift; sourceTree = "<group>"; };
		C6FB8CC329C60EA100672E70 /* CreateNewUserView.swift */ = {isa = PBXFileReference; lastKnownFileType = sourcecode.swift; path = CreateNewUserView.swift; sourceTree = "<group>"; };
		C6FB8CC529C611CB00672E70 /* PassswordView.swift */ = {isa = PBXFileReference; lastKnownFileType = sourcecode.swift; path = PassswordView.swift; sourceTree = "<group>"; };
		C6FC4D3C29AA402A00F6ED3E /* Functions.swift */ = {isa = PBXFileReference; lastKnownFileType = sourcecode.swift; path = Functions.swift; sourceTree = "<group>"; };
/* End PBXFileReference section */

/* Begin PBXFrameworksBuildPhase section */
		C64D213D29DDD572006D5A13 /* Frameworks */ = {
			isa = PBXFrameworksBuildPhase;
			buildActionMask = 2147483647;
			files = (
				C64D214429DDD572006D5A13 /* SwiftUI.framework in Frameworks */,
				C6D4679229EB036700A7882E /* FirebaseFirestore in Frameworks */,
				C6D4679029EB035E00A7882E /* FirebaseAuth in Frameworks */,
				C64D214229DDD572006D5A13 /* WidgetKit.framework in Frameworks */,
			);
			runOnlyForDeploymentPostprocessing = 0;
		};
		C695C00B29A7E4F200D983E7 /* Frameworks */ = {
			isa = PBXFrameworksBuildPhase;
			buildActionMask = 2147483647;
			files = (
				C6D467A529EB7F2D00A7882E /* SwiftUI.framework in Frameworks */,
				C6D4679829EB039300A7882E /* FirebaseMessaging in Frameworks */,
				C6D4679C29EB44EF00A7882E /* MSAL in Frameworks */,
				C620B5D129B8BAA4007DB698 /* Security.framework in Frameworks */,
				C6D467AD29EC55F800A7882E /* SDWebImageSwiftUI in Frameworks */,
				C6D4679429EB038400A7882E /* FirebaseAuth in Frameworks */,
				C6D4679A29EB039A00A7882E /* FirebaseStorage in Frameworks */,
				C6D4679629EB038D00A7882E /* FirebaseFirestore in Frameworks */,
			);
			runOnlyForDeploymentPostprocessing = 0;
		};
/* End PBXFrameworksBuildPhase section */

/* Begin PBXGroup section */
		C620B5CF29B8BAA4007DB698 /* Frameworks */ = {
			isa = PBXGroup;
			children = (
				C620B5D029B8BAA4007DB698 /* Security.framework */,
				C64D214129DDD572006D5A13 /* WidgetKit.framework */,
				C64D214329DDD572006D5A13 /* SwiftUI.framework */,
			);
			name = Frameworks;
			sourceTree = "<group>";
		};
		C64D214529DDD572006D5A13 /* PaulyWidget */ = {
			isa = PBXGroup;
			children = (
				C64D214629DDD572006D5A13 /* PaulyWidgetBundle.swift */,
				C64D214829DDD572006D5A13 /* PaulyWidgetLiveActivity.swift */,
				C64D214A29DDD572006D5A13 /* PaulyWidget.swift */,
				C64D214C29DDD572006D5A13 /* PaulyWidget.intentdefinition */,
				C6D467B129EF355A00A7882E /* Assests.xcassets */,
				C64D214F29DDD573006D5A13 /* Info.plist */,
			);
			path = PaulyWidget;
			sourceTree = "<group>";
		};
		C695C00529A7E4F200D983E7 = {
			isa = PBXGroup;
			children = (
				C6E2601629DE0F00005811A1 /* PaulyWidgetExtension.entitlements */,
				C695C01029A7E4F200D983E7 /* Pauly */,
				C64D214529DDD572006D5A13 /* PaulyWidget */,
				C695C00F29A7E4F200D983E7 /* Products */,
				C620B5CF29B8BAA4007DB698 /* Frameworks */,
			);
			sourceTree = "<group>";
		};
		C695C00F29A7E4F200D983E7 /* Products */ = {
			isa = PBXGroup;
			children = (
				C695C00E29A7E4F200D983E7 /* Pauly.app */,
				C64D214029DDD572006D5A13 /* PaulyWidgetExtension.appex */,
			);
			name = Products;
			sourceTree = "<group>";
		};
		C695C01029A7E4F200D983E7 /* Pauly */ = {
			isa = PBXGroup;
			children = (
				C640C4B529B433A8009668BF /* Pauly.entitlements */,
				C6CB35A029D28762007EC7A8 /* LaunchScreen.storyboard */,
				C620B5CD29B81235007DB698 /* Security.swift */,
				C6D4679D29EB524100A7882E /* UIImageExtension.swift */,
				C6D00E0A29F32C5D002544EE /* NotificationsPauly.swift */,
				C6E229C729BCDBF1008DB772 /* ProfileView.swift */,
				C6D00E0C29F430AA002544EE /* CommissionsView.swift */,
				C6D00E0629F23222002544EE /* ElectionsView.swift */,
				C6352BAD29F589AC009A9280 /* PIE ChartView.swift */,
				C6D5B9E129DFC55600F47CBA /* Images */,
				C6D5B9FE29E0713B00F47CBA /* GovernmentView */,
				C6248A6229D73975009D2765 /* LocationServices.swift */,
				C6F2B18A29CCA86E00149F20 /* Leaderboard.swift */,
				C6858FE629C8CA1500269A56 /* RecentNotificationsView.swift */,
				C6AD9A8E2A0259C800416631 /* Chat */,
				C6FB8CC329C60EA100672E70 /* CreateNewUserView.swift */,
				C657D0E929DB8EB4001A368B /* HTMLTextView.swift */,
				C64C7A0029D1DC0400E966CF /* Backgrounds.swift */,
				C60B567A29D8280D00E8AC5D /* Resources.swift */,
				C6FB8CC529C611CB00672E70 /* PassswordView.swift */,
				C6E229C329BC0A15008DB772 /* MSAL.swift */,
				C692640329B011BF000F96B9 /* Info.plist */,
				C6E2104F29E875EA000A7742 /* Calendar */,
				C620B5D229B8BC09007DB698 /* PDFview.swift */,
				C64A91AD29DCA4A50049DDE9 /* GoogleService-Info.plist */,
				C695C01129A7E4F200D983E7 /* PaulyApp.swift */,
				C640C4AF29B29035009668BF /* LectureView.swift */,
				C695C01329A7E4F200D983E7 /* ContentView.swift */,
				C6FB8CB429C39DA400672E70 /* SportsView.swift */,
				C640C4AB29B1325E009668BF /* QuizView.swift */,
				C6248A6029D72AD7009D2765 /* CardView.swift */,
				C6FC4D3C29AA402A00F6ED3E /* Functions.swift */,
				C695C01529A7E4F600D983E7 /* Assets.xcassets */,
				C695C01729A7E4F600D983E7 /* Preview Content */,
			);
			path = Pauly;
			sourceTree = "<group>";
		};
		C695C01729A7E4F600D983E7 /* Preview Content */ = {
			isa = PBXGroup;
			children = (
				C695C01829A7E4F600D983E7 /* Preview Assets.xcassets */,
			);
			path = "Preview Content";
			sourceTree = "<group>";
		};
		C6AD9A8E2A0259C800416631 /* Chat */ = {
			isa = PBXGroup;
			children = (
				C6858FE229C6621E00269A56 /* Messaging.swift */,
				C6D00E0429F1DEC3002544EE /* ConversationTeams.swift */,
				C640C4B729B45C52009668BF /* ChatHomePage.swift */,
			);
			path = Chat;
			sourceTree = "<group>";
		};
		C6D467B029ECC6A400A7882E /* Government Card */ = {
			isa = PBXGroup;
			children = (
				C6D5B9FF29E073F200F47CBA /* GovernmentViewCards.swift */,
				C6D467AE29ECC69900A7882E /* GovernmentCardAddView.swift */,
			);
			path = "Government Card";
			sourceTree = "<group>";
		};
		C6D5B9E129DFC55600F47CBA /* Images */ = {
			isa = PBXGroup;
			children = (
				C6D5B9DF29DFBC4500F47CBA /* ImageView.swift */,
			);
			path = Images;
			sourceTree = "<group>";
		};
		C6D5B9FE29E0713B00F47CBA /* GovernmentView */ = {
			isa = PBXGroup;
			children = (
				C671570E29DF3A6C00D6DD57 /* GovernmentView.swift */,
				C6D00E0829F2BA89002544EE /* GovernmentViewElections.swift */,
				C6D5BA0429E37B7300F47CBA /* GovernmentViewSports.swift */,
				C6D5BA0129E091EE00F47CBA /* GovernmentViewCommissions.swift */,
				C6D467B029ECC6A400A7882E /* Government Card */,
				C6E2104229E6CC7B000A7742 /* Government Class */,
			);
			path = GovernmentView;
			sourceTree = "<group>";
		};
		C6E2104229E6CC7B000A7742 /* Government Class */ = {
			isa = PBXGroup;
			children = (
				C6D5B9FC29E0713600F47CBA /* GovernmentViewClasses.swift */,
				C6E2104029E6CC72000A7742 /* GovernmentClassAddClassView.swift */,
				C6E2104329E6CD22000A7742 /* GovernmentClassAddClassRootView.swift */,
				C6E2104529E6CD4F000A7742 /* GovernmentClassEditView.swift */,
			);
			path = "Government Class";
			sourceTree = "<group>";
		};
		C6E2104F29E875EA000A7742 /* Calendar */ = {
			isa = PBXGroup;
			children = (
				C640C4AD29B26FF1009668BF /* CalendarPageView.swift */,
				C6D467B429EF779300A7882E /* CalendarEventsView.swift */,
				C6E2104D29E875CF000A7742 /* CalendarPageDayView.swift */,
			);
			path = Calendar;
			sourceTree = "<group>";
		};
/* End PBXGroup section */

/* Begin PBXNativeTarget section */
		C64D213F29DDD572006D5A13 /* PaulyWidgetExtension */ = {
			isa = PBXNativeTarget;
			buildConfigurationList = C64D215829DDD573006D5A13 /* Build configuration list for PBXNativeTarget "PaulyWidgetExtension" */;
			buildPhases = (
				C64D213C29DDD572006D5A13 /* Sources */,
				C64D213D29DDD572006D5A13 /* Frameworks */,
				C64D213E29DDD572006D5A13 /* Resources */,
			);
			buildRules = (
			);
			dependencies = (
			);
			name = PaulyWidgetExtension;
			packageProductDependencies = (
				C6D4678F29EB035E00A7882E /* FirebaseAuth */,
				C6D4679129EB036700A7882E /* FirebaseFirestore */,
			);
			productName = PaulyWidgetExtension;
			productReference = C64D214029DDD572006D5A13 /* PaulyWidgetExtension.appex */;
			productType = "com.apple.product-type.app-extension";
		};
		C695C00D29A7E4F200D983E7 /* Pauly */ = {
			isa = PBXNativeTarget;
			buildConfigurationList = C695C01C29A7E4F600D983E7 /* Build configuration list for PBXNativeTarget "Pauly" */;
			buildPhases = (
				C695C00A29A7E4F200D983E7 /* Sources */,
				C695C00B29A7E4F200D983E7 /* Frameworks */,
				C695C00C29A7E4F200D983E7 /* Resources */,
				C64D215529DDD573006D5A13 /* Embed Foundation Extensions */,
			);
			buildRules = (
			);
			dependencies = (
				C64D215329DDD573006D5A13 /* PBXTargetDependency */,
			);
			name = Pauly;
			packageProductDependencies = (
				C6D4679329EB038400A7882E /* FirebaseAuth */,
				C6D4679529EB038D00A7882E /* FirebaseFirestore */,
				C6D4679729EB039300A7882E /* FirebaseMessaging */,
				C6D4679929EB039A00A7882E /* FirebaseStorage */,
				C6D4679B29EB44EF00A7882E /* MSAL */,
				C6D467AC29EC55F800A7882E /* SDWebImageSwiftUI */,
			);
			productName = Pauly;
			productReference = C695C00E29A7E4F200D983E7 /* Pauly.app */;
			productType = "com.apple.product-type.application";
		};
/* End PBXNativeTarget section */

/* Begin PBXProject section */
		C695C00629A7E4F200D983E7 /* Project object */ = {
			isa = PBXProject;
			attributes = {
				BuildIndependentTargetsInParallel = 1;
				LastSwiftUpdateCheck = 1430;
				LastUpgradeCheck = 1420;
				TargetAttributes = {
					C64D213F29DDD572006D5A13 = {
						CreatedOnToolsVersion = 14.3;
					};
					C695C00D29A7E4F200D983E7 = {
						CreatedOnToolsVersion = 14.2;
					};
				};
			};
			buildConfigurationList = C695C00929A7E4F200D983E7 /* Build configuration list for PBXProject "Pauly" */;
			compatibilityVersion = "Xcode 14.0";
			developmentRegion = en;
			hasScannedForEncodings = 0;
			knownRegions = (
				en,
				Base,
			);
			mainGroup = C695C00529A7E4F200D983E7;
			packageReferences = (
				C613B9E329DD060F0047E045 /* XCRemoteSwiftPackageReference "firebase-ios-sdk" */,
				C613B9E429DD064E0047E045 /* XCRemoteSwiftPackageReference "microsoft-authentication-library-for-objc" */,
				C6D467AB29EC55F800A7882E /* XCRemoteSwiftPackageReference "SDWebImageSwiftUI" */,
			);
			productRefGroup = C695C00F29A7E4F200D983E7 /* Products */;
			projectDirPath = "";
			projectRoot = "";
			targets = (
				C695C00D29A7E4F200D983E7 /* Pauly */,
				C64D213F29DDD572006D5A13 /* PaulyWidgetExtension */,
			);
		};
/* End PBXProject section */

/* Begin PBXResourcesBuildPhase section */
		C64D213E29DDD572006D5A13 /* Resources */ = {
			isa = PBXResourcesBuildPhase;
			buildActionMask = 2147483647;
			files = (
				C6E2601529DE0E78005811A1 /* GoogleService-Info.plist in Resources */,
			);
			runOnlyForDeploymentPostprocessing = 0;
		};
		C695C00C29A7E4F200D983E7 /* Resources */ = {
			isa = PBXResourcesBuildPhase;
			buildActionMask = 2147483647;
			files = (
				C695C01929A7E4F600D983E7 /* Preview Assets.xcassets in Resources */,
				C6D467B229EF355A00A7882E /* Assests.xcassets in Resources */,
				C6CB35A129D28762007EC7A8 /* LaunchScreen.storyboard in Resources */,
				C64A91AE29DCA4A50049DDE9 /* GoogleService-Info.plist in Resources */,
				C695C01629A7E4F600D983E7 /* Assets.xcassets in Resources */,
			);
			runOnlyForDeploymentPostprocessing = 0;
		};
/* End PBXResourcesBuildPhase section */

/* Begin PBXSourcesBuildPhase section */
		C64D213C29DDD572006D5A13 /* Sources */ = {
			isa = PBXSourcesBuildPhase;
			buildActionMask = 2147483647;
			files = (
				C6D467B329EF367C00A7882E /* Assests.xcassets in Sources */,
				C64D215029DDD573006D5A13 /* PaulyWidget.intentdefinition in Sources */,
				C64D214929DDD572006D5A13 /* PaulyWidgetLiveActivity.swift in Sources */,
				C64D214729DDD572006D5A13 /* PaulyWidgetBundle.swift in Sources */,
				C64D214B29DDD572006D5A13 /* PaulyWidget.swift in Sources */,
			);
			runOnlyForDeploymentPostprocessing = 0;
		};
		C695C00A29A7E4F200D983E7 /* Sources */ = {
			isa = PBXSourcesBuildPhase;
			buildActionMask = 2147483647;
			files = (
				C6D5B9E029DFBC4500F47CBA /* ImageView.swift in Sources */,
				C6858FE729C8CA1500269A56 /* RecentNotificationsView.swift in Sources */,
				C6E229C829BCDBF1008DB772 /* ProfileView.swift in Sources */,
				C6D00E0529F1DEC3002544EE /* ConversationTeams.swift in Sources */,
				C6FB8CB529C39DA400672E70 /* SportsView.swift in Sources */,
				C6352BAE29F589AD009A9280 /* PIE ChartView.swift in Sources */,
				C640C4B829B45C52009668BF /* ChatHomePage.swift in Sources */,
				C6D5BA0529E37B7300F47CBA /* GovernmentViewSports.swift in Sources */,
				C695C01429A7E4F200D983E7 /* ContentView.swift in Sources */,
				C64D215129DDD573006D5A13 /* PaulyWidget.intentdefinition in Sources */,
				C6E229C429BC0A15008DB772 /* MSAL.swift in Sources */,
				C640C4AC29B1325E009668BF /* QuizView.swift in Sources */,
				C6248A6129D72AD7009D2765 /* CardView.swift in Sources */,
				C6F2B18B29CCA86E00149F20 /* Leaderboard.swift in Sources */,
				C60B567B29D8280E00E8AC5D /* Resources.swift in Sources */,
				C6D00E0929F2BA89002544EE /* GovernmentViewElections.swift in Sources */,
				C6E2104E29E875CF000A7742 /* CalendarPageDayView.swift in Sources */,
				C6D00E0B29F32C5D002544EE /* NotificationsPauly.swift in Sources */,
				C6E2104429E6CD22000A7742 /* GovernmentClassAddClassRootView.swift in Sources */,
				C640C4AE29B26FF1009668BF /* CalendarPageView.swift in Sources */,
				C695C01229A7E4F200D983E7 /* PaulyApp.swift in Sources */,
				C6FB8CC429C60EA200672E70 /* CreateNewUserView.swift in Sources */,
				C620B5CE29B81235007DB698 /* Security.swift in Sources */,
				C6D4679E29EB524100A7882E /* UIImageExtension.swift in Sources */,
				C6D5B9FD29E0713600F47CBA /* GovernmentViewClasses.swift in Sources */,
				C671570F29DF3A6C00D6DD57 /* GovernmentView.swift in Sources */,
				C6E2104629E6CD4F000A7742 /* GovernmentClassEditView.swift in Sources */,
				C657D0EA29DB8EB4001A368B /* HTMLTextView.swift in Sources */,
				C6D5BA0029E073F200F47CBA /* GovernmentViewCards.swift in Sources */,
				C6D467B529EF779400A7882E /* CalendarEventsView.swift in Sources */,
				C64C7A0129D1DC0500E966CF /* Backgrounds.swift in Sources */,
				C6FC4D3D29AA402A00F6ED3E /* Functions.swift in Sources */,
				C6D00E0D29F430AA002544EE /* CommissionsView.swift in Sources */,
				C640C4B029B29035009668BF /* LectureView.swift in Sources */,
				C620B5D329B8BC09007DB698 /* PDFview.swift in Sources */,
				C6858FE329C6621E00269A56 /* Messaging.swift in Sources */,
				C6248A6329D73975009D2765 /* LocationServices.swift in Sources */,
				C6D00E0729F23222002544EE /* ElectionsView.swift in Sources */,
				C6D5BA0229E091EE00F47CBA /* GovernmentViewCommissions.swift in Sources */,
				C6D467AF29ECC69900A7882E /* GovernmentCardAddView.swift in Sources */,
				C6E2104129E6CC72000A7742 /* GovernmentClassAddClassView.swift in Sources */,
				C6FB8CC629C611CB00672E70 /* PassswordView.swift in Sources */,
			);
			runOnlyForDeploymentPostprocessing = 0;
		};
/* End PBXSourcesBuildPhase section */

/* Begin PBXTargetDependency section */
		C64D215329DDD573006D5A13 /* PBXTargetDependency */ = {
			isa = PBXTargetDependency;
			target = C64D213F29DDD572006D5A13 /* PaulyWidgetExtension */;
			targetProxy = C64D215229DDD573006D5A13 /* PBXContainerItemProxy */;
		};
/* End PBXTargetDependency section */

/* Begin XCBuildConfiguration section */
		C64D215629DDD573006D5A13 /* Debug */ = {
			isa = XCBuildConfiguration;
			buildSettings = {
				ASSETCATALOG_COMPILER_GLOBAL_ACCENT_COLOR_NAME = AccentColor;
				ASSETCATALOG_COMPILER_WIDGET_BACKGROUND_COLOR_NAME = WidgetBackground;
				CODE_SIGN_ENTITLEMENTS = PaulyWidgetExtension.entitlements;
				CODE_SIGN_STYLE = Automatic;
				CURRENT_PROJECT_VERSION = 1;
				DEVELOPMENT_TEAM = SYV2CK2N9N;
				GENERATE_INFOPLIST_FILE = YES;
				INFOPLIST_FILE = PaulyWidget/Info.plist;
				INFOPLIST_KEY_CFBundleDisplayName = PaulyWidget;
				INFOPLIST_KEY_NSHumanReadableCopyright = "";
				IPHONEOS_DEPLOYMENT_TARGET = 16.4;
				LD_RUNPATH_SEARCH_PATHS = (
					"$(inherited)",
					"@executable_path/Frameworks",
					"@executable_path/../../Frameworks",
				);
				MARKETING_VERSION = 1.0;
				ONLY_ACTIVE_ARCH = YES;
				PRODUCT_BUNDLE_IDENTIFIER = Archimedes4.Pauly.PaulyWidget;
				PRODUCT_NAME = "$(TARGET_NAME)";
				SKIP_INSTALL = YES;
				SUPPORTED_PLATFORMS = "iphonesimulator iphoneos";
				SWIFT_EMIT_LOC_STRINGS = YES;
				SWIFT_VERSION = 5.0;
				TARGETED_DEVICE_FAMILY = "1,2";
			};
			name = Debug;
		};
		C64D215729DDD573006D5A13 /* Release */ = {
			isa = XCBuildConfiguration;
			buildSettings = {
				ASSETCATALOG_COMPILER_GLOBAL_ACCENT_COLOR_NAME = AccentColor;
				ASSETCATALOG_COMPILER_WIDGET_BACKGROUND_COLOR_NAME = WidgetBackground;
				CODE_SIGN_ENTITLEMENTS = PaulyWidgetExtension.entitlements;
				CODE_SIGN_STYLE = Automatic;
				CURRENT_PROJECT_VERSION = 1;
				DEVELOPMENT_TEAM = SYV2CK2N9N;
				GENERATE_INFOPLIST_FILE = YES;
				INFOPLIST_FILE = PaulyWidget/Info.plist;
				INFOPLIST_KEY_CFBundleDisplayName = PaulyWidget;
				INFOPLIST_KEY_NSHumanReadableCopyright = "";
				IPHONEOS_DEPLOYMENT_TARGET = 16.4;
				LD_RUNPATH_SEARCH_PATHS = (
					"$(inherited)",
					"@executable_path/Frameworks",
					"@executable_path/../../Frameworks",
				);
				MARKETING_VERSION = 1.0;
				ONLY_ACTIVE_ARCH = NO;
				PRODUCT_BUNDLE_IDENTIFIER = Archimedes4.Pauly.PaulyWidget;
				PRODUCT_NAME = "$(TARGET_NAME)";
				SKIP_INSTALL = YES;
				SUPPORTED_PLATFORMS = "iphonesimulator iphoneos";
				SWIFT_EMIT_LOC_STRINGS = YES;
				SWIFT_VERSION = 5.0;
				TARGETED_DEVICE_FAMILY = "1,2";
			};
			name = Release;
		};
		C695C01A29A7E4F600D983E7 /* Debug */ = {
			isa = XCBuildConfiguration;
			buildSettings = {
				ALWAYS_SEARCH_USER_PATHS = NO;
				CLANG_ANALYZER_NONNULL = YES;
				CLANG_ANALYZER_NUMBER_OBJECT_CONVERSION = YES_AGGRESSIVE;
				CLANG_CXX_LANGUAGE_STANDARD = "gnu++20";
				CLANG_ENABLE_MODULES = YES;
				CLANG_ENABLE_OBJC_ARC = YES;
				CLANG_ENABLE_OBJC_WEAK = YES;
				CLANG_WARN_BLOCK_CAPTURE_AUTORELEASING = YES;
				CLANG_WARN_BOOL_CONVERSION = YES;
				CLANG_WARN_COMMA = YES;
				CLANG_WARN_CONSTANT_CONVERSION = YES;
				CLANG_WARN_DEPRECATED_OBJC_IMPLEMENTATIONS = YES;
				CLANG_WARN_DIRECT_OBJC_ISA_USAGE = YES_ERROR;
				CLANG_WARN_DOCUMENTATION_COMMENTS = YES;
				CLANG_WARN_EMPTY_BODY = YES;
				CLANG_WARN_ENUM_CONVERSION = YES;
				CLANG_WARN_INFINITE_RECURSION = YES;
				CLANG_WARN_INT_CONVERSION = YES;
				CLANG_WARN_NON_LITERAL_NULL_CONVERSION = YES;
				CLANG_WARN_OBJC_IMPLICIT_RETAIN_SELF = YES;
				CLANG_WARN_OBJC_LITERAL_CONVERSION = YES;
				CLANG_WARN_OBJC_ROOT_CLASS = YES_ERROR;
				CLANG_WARN_QUOTED_INCLUDE_IN_FRAMEWORK_HEADER = YES;
				CLANG_WARN_RANGE_LOOP_ANALYSIS = YES;
				CLANG_WARN_STRICT_PROTOTYPES = YES;
				CLANG_WARN_SUSPICIOUS_MOVE = YES;
				CLANG_WARN_UNGUARDED_AVAILABILITY = YES_AGGRESSIVE;
				CLANG_WARN_UNREACHABLE_CODE = YES;
				CLANG_WARN__DUPLICATE_METHOD_MATCH = YES;
				COPY_PHASE_STRIP = NO;
				DEBUG_INFORMATION_FORMAT = dwarf;
				ENABLE_STRICT_OBJC_MSGSEND = YES;
				ENABLE_TESTABILITY = YES;
				GCC_C_LANGUAGE_STANDARD = gnu11;
				GCC_DYNAMIC_NO_PIC = NO;
				GCC_NO_COMMON_BLOCKS = YES;
				GCC_OPTIMIZATION_LEVEL = 0;
				GCC_PREPROCESSOR_DEFINITIONS = (
					"DEBUG=1",
					"$(inherited)",
				);
				GCC_WARN_64_TO_32_BIT_CONVERSION = YES;
				GCC_WARN_ABOUT_RETURN_TYPE = YES_ERROR;
				GCC_WARN_UNDECLARED_SELECTOR = YES;
				GCC_WARN_UNINITIALIZED_AUTOS = YES_AGGRESSIVE;
				GCC_WARN_UNUSED_FUNCTION = YES;
				GCC_WARN_UNUSED_VARIABLE = YES;
				IPHONEOS_DEPLOYMENT_TARGET = 16.2;
				MTL_ENABLE_DEBUG_INFO = INCLUDE_SOURCE;
				MTL_FAST_MATH = YES;
				ONLY_ACTIVE_ARCH = YES;
				SDKROOT = iphoneos;
				SWIFT_ACTIVE_COMPILATION_CONDITIONS = DEBUG;
				SWIFT_OPTIMIZATION_LEVEL = "-Onone";
			};
			name = Debug;
		};
		C695C01B29A7E4F600D983E7 /* Release */ = {
			isa = XCBuildConfiguration;
			buildSettings = {
				ALWAYS_SEARCH_USER_PATHS = NO;
				CLANG_ANALYZER_NONNULL = YES;
				CLANG_ANALYZER_NUMBER_OBJECT_CONVERSION = YES_AGGRESSIVE;
				CLANG_CXX_LANGUAGE_STANDARD = "gnu++20";
				CLANG_ENABLE_MODULES = YES;
				CLANG_ENABLE_OBJC_ARC = YES;
				CLANG_ENABLE_OBJC_WEAK = YES;
				CLANG_WARN_BLOCK_CAPTURE_AUTORELEASING = YES;
				CLANG_WARN_BOOL_CONVERSION = YES;
				CLANG_WARN_COMMA = YES;
				CLANG_WARN_CONSTANT_CONVERSION = YES;
				CLANG_WARN_DEPRECATED_OBJC_IMPLEMENTATIONS = YES;
				CLANG_WARN_DIRECT_OBJC_ISA_USAGE = YES_ERROR;
				CLANG_WARN_DOCUMENTATION_COMMENTS = YES;
				CLANG_WARN_EMPTY_BODY = YES;
				CLANG_WARN_ENUM_CONVERSION = YES;
				CLANG_WARN_INFINITE_RECURSION = YES;
				CLANG_WARN_INT_CONVERSION = YES;
				CLANG_WARN_NON_LITERAL_NULL_CONVERSION = YES;
				CLANG_WARN_OBJC_IMPLICIT_RETAIN_SELF = YES;
				CLANG_WARN_OBJC_LITERAL_CONVERSION = YES;
				CLANG_WARN_OBJC_ROOT_CLASS = YES_ERROR;
				CLANG_WARN_QUOTED_INCLUDE_IN_FRAMEWORK_HEADER = YES;
				CLANG_WARN_RANGE_LOOP_ANALYSIS = YES;
				CLANG_WARN_STRICT_PROTOTYPES = YES;
				CLANG_WARN_SUSPICIOUS_MOVE = YES;
				CLANG_WARN_UNGUARDED_AVAILABILITY = YES_AGGRESSIVE;
				CLANG_WARN_UNREACHABLE_CODE = YES;
				CLANG_WARN__DUPLICATE_METHOD_MATCH = YES;
				COPY_PHASE_STRIP = NO;
				DEBUG_INFORMATION_FORMAT = "dwarf-with-dsym";
				ENABLE_NS_ASSERTIONS = NO;
				ENABLE_STRICT_OBJC_MSGSEND = YES;
				GCC_C_LANGUAGE_STANDARD = gnu11;
				GCC_NO_COMMON_BLOCKS = YES;
				GCC_WARN_64_TO_32_BIT_CONVERSION = YES;
				GCC_WARN_ABOUT_RETURN_TYPE = YES_ERROR;
				GCC_WARN_UNDECLARED_SELECTOR = YES;
				GCC_WARN_UNINITIALIZED_AUTOS = YES_AGGRESSIVE;
				GCC_WARN_UNUSED_FUNCTION = YES;
				GCC_WARN_UNUSED_VARIABLE = YES;
				IPHONEOS_DEPLOYMENT_TARGET = 16.2;
				MTL_ENABLE_DEBUG_INFO = NO;
				MTL_FAST_MATH = YES;
				SDKROOT = iphoneos;
				SWIFT_COMPILATION_MODE = wholemodule;
				SWIFT_OPTIMIZATION_LEVEL = "-O";
				VALIDATE_PRODUCT = YES;
			};
			name = Release;
		};
		C695C01D29A7E4F600D983E7 /* Debug */ = {
			isa = XCBuildConfiguration;
			buildSettings = {
				ALWAYS_EMBED_SWIFT_STANDARD_LIBRARIES = YES;
				ASSETCATALOG_COMPILER_APPICON_NAME = AppIcon;
				ASSETCATALOG_COMPILER_GLOBAL_ACCENT_COLOR_NAME = AccentColor;
				ASSETCATALOG_COMPILER_INCLUDE_ALL_APPICON_ASSETS = YES;
				CODE_SIGN_ENTITLEMENTS = Pauly/Pauly.entitlements;
				CODE_SIGN_STYLE = Automatic;
				CURRENT_PROJECT_VERSION = 1;
				DEVELOPMENT_ASSET_PATHS = "\"Pauly/Preview Content\"";
				DEVELOPMENT_TEAM = SYV2CK2N9N;
				ENABLE_PREVIEWS = YES;
				GENERATE_INFOPLIST_FILE = YES;
				INFOPLIST_FILE = Pauly/Info.plist;
				INFOPLIST_KEY_CFBundleDisplayName = Pauly;
				INFOPLIST_KEY_LSApplicationCategoryType = "public.app-category.education";
				INFOPLIST_KEY_NSCameraUsageDescription = "Pauly would like access to your camera.";
				INFOPLIST_KEY_NSLocationWhenInUseUsageDescription = "Pauly needs to find where you are to complete this commission";
				INFOPLIST_KEY_NSPhotoLibraryUsageDescription = "Pauly would like access to your photos";
				INFOPLIST_KEY_UIApplicationSupportsIndirectInputEvents = YES;
				INFOPLIST_KEY_UILaunchStoryboardName = LaunchScreen.storyboard;
				INFOPLIST_KEY_UIRequiresFullScreen = YES;
				INFOPLIST_KEY_UISupportedInterfaceOrientations = UIInterfaceOrientationPortrait;
				INFOPLIST_KEY_UISupportedInterfaceOrientations_iPad = "UIInterfaceOrientationLandscapeLeft UIInterfaceOrientationLandscapeRight UIInterfaceOrientationPortrait UIInterfaceOrientationPortraitUpsideDown";
				IPHONEOS_DEPLOYMENT_TARGET = 16.0;
				LD_RUNPATH_SEARCH_PATHS = (
					"$(inherited)",
					"@executable_path/Frameworks",
				);
				MARKETING_VERSION = 1.1;
				PRODUCT_BUNDLE_IDENTIFIER = Archimedes4.Pauly;
				PRODUCT_NAME = "$(TARGET_NAME)";
				SUPPORTED_PLATFORMS = "iphoneos iphonesimulator";
				SUPPORTS_MACCATALYST = NO;
				SUPPORTS_MAC_DESIGNED_FOR_IPHONE_IPAD = YES;
				SWIFT_EMIT_LOC_STRINGS = YES;
				SWIFT_VERSION = 5.0;
				TARGETED_DEVICE_FAMILY = 1;
			};
			name = Debug;
		};
		C695C01E29A7E4F600D983E7 /* Release */ = {
			isa = XCBuildConfiguration;
			buildSettings = {
				ALWAYS_EMBED_SWIFT_STANDARD_LIBRARIES = YES;
				ASSETCATALOG_COMPILER_APPICON_NAME = AppIcon;
				ASSETCATALOG_COMPILER_GLOBAL_ACCENT_COLOR_NAME = AccentColor;
				ASSETCATALOG_COMPILER_INCLUDE_ALL_APPICON_ASSETS = YES;
				CODE_SIGN_ENTITLEMENTS = Pauly/Pauly.entitlements;
				CODE_SIGN_STYLE = Automatic;
				CURRENT_PROJECT_VERSION = 1;
				DEVELOPMENT_ASSET_PATHS = "\"Pauly/Preview Content\"";
				DEVELOPMENT_TEAM = SYV2CK2N9N;
				ENABLE_PREVIEWS = YES;
				GENERATE_INFOPLIST_FILE = YES;
				INFOPLIST_FILE = Pauly/Info.plist;
				INFOPLIST_KEY_CFBundleDisplayName = Pauly;
				INFOPLIST_KEY_LSApplicationCategoryType = "public.app-category.education";
				INFOPLIST_KEY_NSCameraUsageDescription = "Pauly would like access to your camera.";
				INFOPLIST_KEY_NSLocationWhenInUseUsageDescription = "Pauly needs to find where you are to complete this commission";
				INFOPLIST_KEY_NSPhotoLibraryUsageDescription = "Pauly would like access to your photos";
				INFOPLIST_KEY_UIApplicationSupportsIndirectInputEvents = YES;
				INFOPLIST_KEY_UILaunchStoryboardName = LaunchScreen.storyboard;
				INFOPLIST_KEY_UIRequiresFullScreen = YES;
				INFOPLIST_KEY_UISupportedInterfaceOrientations = UIInterfaceOrientationPortrait;
				INFOPLIST_KEY_UISupportedInterfaceOrientations_iPad = "UIInterfaceOrientationLandscapeLeft UIInterfaceOrientationLandscapeRight UIInterfaceOrientationPortrait UIInterfaceOrientationPortraitUpsideDown";
				IPHONEOS_DEPLOYMENT_TARGET = 16.0;
				LD_RUNPATH_SEARCH_PATHS = (
					"$(inherited)",
					"@executable_path/Frameworks",
				);
				MARKETING_VERSION = 1.1;
				ONLY_ACTIVE_ARCH = NO;
				PRODUCT_BUNDLE_IDENTIFIER = Archimedes4.Pauly;
				PRODUCT_NAME = "$(TARGET_NAME)";
				SUPPORTED_PLATFORMS = "iphoneos iphonesimulator";
				SUPPORTS_MACCATALYST = NO;
				SUPPORTS_MAC_DESIGNED_FOR_IPHONE_IPAD = YES;
				SWIFT_EMIT_LOC_STRINGS = YES;
				SWIFT_VERSION = 5.0;
				TARGETED_DEVICE_FAMILY = 1;
			};
			name = Release;
		};
/* End XCBuildConfiguration section */

/* Begin XCConfigurationList section */
		C64D215829DDD573006D5A13 /* Build configuration list for PBXNativeTarget "PaulyWidgetExtension" */ = {
			isa = XCConfigurationList;
			buildConfigurations = (
				C64D215629DDD573006D5A13 /* Debug */,
				C64D215729DDD573006D5A13 /* Release */,
			);
			defaultConfigurationIsVisible = 0;
			defaultConfigurationName = Release;
		};
		C695C00929A7E4F200D983E7 /* Build configuration list for PBXProject "Pauly" */ = {
			isa = XCConfigurationList;
			buildConfigurations = (
				C695C01A29A7E4F600D983E7 /* Debug */,
				C695C01B29A7E4F600D983E7 /* Release */,
			);
			defaultConfigurationIsVisible = 0;
			defaultConfigurationName = Release;
		};
		C695C01C29A7E4F600D983E7 /* Build configuration list for PBXNativeTarget "Pauly" */ = {
			isa = XCConfigurationList;
			buildConfigurations = (
				C695C01D29A7E4F600D983E7 /* Debug */,
				C695C01E29A7E4F600D983E7 /* Release */,
			);
			defaultConfigurationIsVisible = 0;
			defaultConfigurationName = Release;
		};
/* End XCConfigurationList section */

/* Begin XCRemoteSwiftPackageReference section */
		C613B9E329DD060F0047E045 /* XCRemoteSwiftPackageReference "firebase-ios-sdk" */ = {
			isa = XCRemoteSwiftPackageReference;
			repositoryURL = "https://github.com/firebase/firebase-ios-sdk";
			requirement = {
				kind = upToNextMajorVersion;
				minimumVersion = 10.0.0;
			};
		};
		C613B9E429DD064E0047E045 /* XCRemoteSwiftPackageReference "microsoft-authentication-library-for-objc" */ = {
			isa = XCRemoteSwiftPackageReference;
			repositoryURL = "https://github.com/AzureAD/microsoft-authentication-library-for-objc#installation";
			requirement = {
				kind = upToNextMajorVersion;
				minimumVersion = 1.0.0;
			};
		};
		C6D467AB29EC55F800A7882E /* XCRemoteSwiftPackageReference "SDWebImageSwiftUI" */ = {
			isa = XCRemoteSwiftPackageReference;
			repositoryURL = "https://github.com/SDWebImage/SDWebImageSwiftUI";
			requirement = {
				kind = upToNextMajorVersion;
				minimumVersion = 2.0.0;
			};
		};
/* End XCRemoteSwiftPackageReference section */

/* Begin XCSwiftPackageProductDependency section */
		C6D4678F29EB035E00A7882E /* FirebaseAuth */ = {
			isa = XCSwiftPackageProductDependency;
			package = C613B9E329DD060F0047E045 /* XCRemoteSwiftPackageReference "firebase-ios-sdk" */;
			productName = FirebaseAuth;
		};
		C6D4679129EB036700A7882E /* FirebaseFirestore */ = {
			isa = XCSwiftPackageProductDependency;
			package = C613B9E329DD060F0047E045 /* XCRemoteSwiftPackageReference "firebase-ios-sdk" */;
			productName = FirebaseFirestore;
		};
		C6D4679329EB038400A7882E /* FirebaseAuth */ = {
			isa = XCSwiftPackageProductDependency;
			package = C613B9E329DD060F0047E045 /* XCRemoteSwiftPackageReference "firebase-ios-sdk" */;
			productName = FirebaseAuth;
		};
		C6D4679529EB038D00A7882E /* FirebaseFirestore */ = {
			isa = XCSwiftPackageProductDependency;
			package = C613B9E329DD060F0047E045 /* XCRemoteSwiftPackageReference "firebase-ios-sdk" */;
			productName = FirebaseFirestore;
		};
		C6D4679729EB039300A7882E /* FirebaseMessaging */ = {
			isa = XCSwiftPackageProductDependency;
			package = C613B9E329DD060F0047E045 /* XCRemoteSwiftPackageReference "firebase-ios-sdk" */;
			productName = FirebaseMessaging;
		};
		C6D4679929EB039A00A7882E /* FirebaseStorage */ = {
			isa = XCSwiftPackageProductDependency;
			package = C613B9E329DD060F0047E045 /* XCRemoteSwiftPackageReference "firebase-ios-sdk" */;
			productName = FirebaseStorage;
		};
		C6D4679B29EB44EF00A7882E /* MSAL */ = {
			isa = XCSwiftPackageProductDependency;
			package = C613B9E429DD064E0047E045 /* XCRemoteSwiftPackageReference "microsoft-authentication-library-for-objc" */;
			productName = MSAL;
		};
		C6D467AC29EC55F800A7882E /* SDWebImageSwiftUI */ = {
			isa = XCSwiftPackageProductDependency;
			package = C6D467AB29EC55F800A7882E /* XCRemoteSwiftPackageReference "SDWebImageSwiftUI" */;
			productName = SDWebImageSwiftUI;
		};
/* End XCSwiftPackageProductDependency section */
	};
	rootObject = C695C00629A7E4F200D983E7 /* Project object */;
}
